// !$*UTF8*$!
{
	archiveVersion = 1;
	classes = {
	};
	objectVersion = 46;
	objects = {

/* Begin PBXBuildFile section */
		6317C0D718A5419600479569 /* WebKit.framework in Frameworks */ = {isa = PBXBuildFile; fileRef = 6317C0D118A5414E00479569 /* WebKit.framework */; };
		6367D01618AD457E00B60DF4 /* SearchField.m in Sources */ = {isa = PBXBuildFile; fileRef = 6367D01318AD457E00B60DF4 /* SearchField.m */; };
		6367D01718AD457E00B60DF4 /* SearchFieldCell.m in Sources */ = {isa = PBXBuildFile; fileRef = 6367D01518AD457E00B60DF4 /* SearchFieldCell.m */; };
		6367D02218AD4A4B00B60DF4 /* Account.m in Sources */ = {isa = PBXBuildFile; fileRef = 6367D01F18AD4A4B00B60DF4 /* Account.m */; };
		6367D02318AD4A4B00B60DF4 /* Message.m in Sources */ = {isa = PBXBuildFile; fileRef = 6367D02118AD4A4B00B60DF4 /* Message.m */; };
		6367D02D18AD4A9700B60DF4 /* MessageDetail.m in Sources */ = {isa = PBXBuildFile; fileRef = 6367D02518AD4A9700B60DF4 /* MessageDetail.m */; };
		6367D02E18AD4A9700B60DF4 /* MessageDetail.xib in Resources */ = {isa = PBXBuildFile; fileRef = 6367D02618AD4A9700B60DF4 /* MessageDetail.xib */; };
		6367D02F18AD4A9700B60DF4 /* NewMessage.m in Sources */ = {isa = PBXBuildFile; fileRef = 6367D02818AD4A9700B60DF4 /* NewMessage.m */; };
		6367D03018AD4A9700B60DF4 /* NewMessage.xib in Resources */ = {isa = PBXBuildFile; fileRef = 6367D02918AD4A9700B60DF4 /* NewMessage.xib */; };
		6367D03118AD4A9700B60DF4 /* Settings.m in Sources */ = {isa = PBXBuildFile; fileRef = 6367D02B18AD4A9700B60DF4 /* Settings.m */; };
		6367D03218AD4A9700B60DF4 /* Settings.xib in Resources */ = {isa = PBXBuildFile; fileRef = 6367D02C18AD4A9700B60DF4 /* Settings.xib */; };
		7313086A18F51AA900243913 /* draft.pdf in Resources */ = {isa = PBXBuildFile; fileRef = 7313086318F51AA900243913 /* draft.pdf */; };
		7313086B18F51AA900243913 /* important.pdf in Resources */ = {isa = PBXBuildFile; fileRef = 7313086418F51AA900243913 /* important.pdf */; };
		7313086C18F51AA900243913 /* inbox.pdf in Resources */ = {isa = PBXBuildFile; fileRef = 7313086518F51AA900243913 /* inbox.pdf */; };
		7313086D18F51AA900243913 /* outbox.pdf in Resources */ = {isa = PBXBuildFile; fileRef = 7313086618F51AA900243913 /* outbox.pdf */; };
		7313086E18F51AA900243913 /* spam.pdf in Resources */ = {isa = PBXBuildFile; fileRef = 7313086718F51AA900243913 /* spam.pdf */; };
		7313086F18F51AA900243913 /* starred.pdf in Resources */ = {isa = PBXBuildFile; fileRef = 7313086818F51AA900243913 /* starred.pdf */; };
		7313087018F51AA900243913 /* trash.pdf in Resources */ = {isa = PBXBuildFile; fileRef = 7313086918F51AA900243913 /* trash.pdf */; };
		7313087218F51FD800243913 /* folder.pdf in Resources */ = {isa = PBXBuildFile; fileRef = 7313087118F51FD800243913 /* folder.pdf */; };
		7313087518F52D6800243913 /* FolderRowView.m in Sources */ = {isa = PBXBuildFile; fileRef = 7313087418F52D6800243913 /* FolderRowView.m */; };
		7313087718F570BC00243913 /* forward.pdf in Resources */ = {isa = PBXBuildFile; fileRef = 7313087618F570BC00243913 /* forward.pdf */; };
		7313087918F570C300243913 /* reply.pdf in Resources */ = {isa = PBXBuildFile; fileRef = 7313087818F570C300243913 /* reply.pdf */; };
		7313087B18F5782700243913 /* search.pdf in Resources */ = {isa = PBXBuildFile; fileRef = 7313087A18F5782700243913 /* search.pdf */; };
		731FE27B18A3747E00715E68 /* ConnectionManager.m in Sources */ = {isa = PBXBuildFile; fileRef = 731FE27A18A3747E00715E68 /* ConnectionManager.m */; };
		73202CEC18ED33D500F0594B /* openedmail_16x16.png in Resources */ = {isa = PBXBuildFile; fileRef = 73202CE518ED33D500F0594B /* openedmail_16x16.png */; };
		73202CED18ED33D500F0594B /* openedmail_32x32.png in Resources */ = {isa = PBXBuildFile; fileRef = 73202CE618ED33D500F0594B /* openedmail_32x32.png */; };
		73202CEE18ED33D500F0594B /* openedmail_64x64.png in Resources */ = {isa = PBXBuildFile; fileRef = 73202CE718ED33D500F0594B /* openedmail_64x64.png */; };
		73202CEF18ED33D500F0594B /* openedmail_128x128.png in Resources */ = {isa = PBXBuildFile; fileRef = 73202CE818ED33D500F0594B /* openedmail_128x128.png */; };
		73202CF018ED33D500F0594B /* openedmail_256x256.png in Resources */ = {isa = PBXBuildFile; fileRef = 73202CE918ED33D500F0594B /* openedmail_256x256.png */; };
		73202CF118ED33D500F0594B /* openedmail_512x512.png in Resources */ = {isa = PBXBuildFile; fileRef = 73202CEA18ED33D500F0594B /* openedmail_512x512.png */; };
		73202CF218ED33D500F0594B /* openedmail_1024x1024.png in Resources */ = {isa = PBXBuildFile; fileRef = 73202CEB18ED33D500F0594B /* openedmail_1024x1024.png */; };
		73202CFA18ED3BD500F0594B /* closedmail_16x16.png in Resources */ = {isa = PBXBuildFile; fileRef = 73202CF318ED3BD500F0594B /* closedmail_16x16.png */; };
		73202CFB18ED3BD500F0594B /* closedmail_32x32.png in Resources */ = {isa = PBXBuildFile; fileRef = 73202CF418ED3BD500F0594B /* closedmail_32x32.png */; };
		73202CFC18ED3BD500F0594B /* closedmail_64x64.png in Resources */ = {isa = PBXBuildFile; fileRef = 73202CF518ED3BD500F0594B /* closedmail_64x64.png */; };
		73202CFD18ED3BD500F0594B /* closedmail_128x128.png in Resources */ = {isa = PBXBuildFile; fileRef = 73202CF618ED3BD500F0594B /* closedmail_128x128.png */; };
		73202CFE18ED3BD500F0594B /* closedmail_256x256.png in Resources */ = {isa = PBXBuildFile; fileRef = 73202CF718ED3BD500F0594B /* closedmail_256x256.png */; };
		73202CFF18ED3BD500F0594B /* closedmail_512x512.png in Resources */ = {isa = PBXBuildFile; fileRef = 73202CF818ED3BD500F0594B /* closedmail_512x512.png */; };
		73202D0018ED3BD500F0594B /* closedmail_1024x1024.png in Resources */ = {isa = PBXBuildFile; fileRef = 73202CF918ED3BD500F0594B /* closedmail_1024x1024.png */; };
		73202D0218ED3F9100F0594B /* status.png in Resources */ = {isa = PBXBuildFile; fileRef = 73202D0118ED3F9100F0594B /* status.png */; };
		73202D0D18ED60D600F0594B /* MenuViewController.m in Sources */ = {isa = PBXBuildFile; fileRef = 73202D0B18ED60D600F0594B /* MenuViewController.m */; };
		73202D0E18ED60D600F0594B /* MenuViewController.xib in Resources */ = {isa = PBXBuildFile; fileRef = 73202D0C18ED60D600F0594B /* MenuViewController.xib */; };
		732539AC18E30E6700F21A17 /* save.png in Resources */ = {isa = PBXBuildFile; fileRef = 732539AB18E30E6700F21A17 /* save.png */; };
		732539B218E30F0E00F21A17 /* open.png in Resources */ = {isa = PBXBuildFile; fileRef = 732539B118E30F0E00F21A17 /* open.png */; };
		732539B418E311EC00F21A17 /* menu.png in Resources */ = {isa = PBXBuildFile; fileRef = 732539B318E311EC00F21A17 /* menu.png */; };
		73298F4318E18FB500E05756 /* AttachmentView.m in Sources */ = {isa = PBXBuildFile; fileRef = 73298F4018E18FB500E05756 /* AttachmentView.m */; };
		73298F4418E18FB500E05756 /* FormatView.m in Sources */ = {isa = PBXBuildFile; fileRef = 73298F4218E18FB500E05756 /* FormatView.m */; };
		73298F4718E1A9E500E05756 /* Attachment.m in Sources */ = {isa = PBXBuildFile; fileRef = 73298F4618E1A9E500E05756 /* Attachment.m */; };
		73298F4A18E1B89F00E05756 /* fileSizeTransformer.m in Sources */ = {isa = PBXBuildFile; fileRef = 73298F4918E1B89F00E05756 /* fileSizeTransformer.m */; };
		73298F4D18E1C16C00E05756 /* AttachmentItemViewController.m in Sources */ = {isa = PBXBuildFile; fileRef = 73298F4C18E1C16C00E05756 /* AttachmentItemViewController.m */; };
		732F941E18E40B60008AC581 /* MessageHeaderView.m in Sources */ = {isa = PBXBuildFile; fileRef = 732F941D18E40B60008AC581 /* MessageHeaderView.m */; };
		7345876618E466C000B74D63 /* AccountsManager.m in Sources */ = {isa = PBXBuildFile; fileRef = 7345876518E466C000B74D63 /* AccountsManager.m */; };
		734EC4C118F2C2EC00DD1B2A /* openedmail_margin_16x16.png in Resources */ = {isa = PBXBuildFile; fileRef = 734EC4BA18F2C2EC00DD1B2A /* openedmail_margin_16x16.png */; };
		734EC4C218F2C2EC00DD1B2A /* openedmail_margin_32x32.png in Resources */ = {isa = PBXBuildFile; fileRef = 734EC4BB18F2C2EC00DD1B2A /* openedmail_margin_32x32.png */; };
		734EC4C318F2C2EC00DD1B2A /* openedmail_margin_64x64.png in Resources */ = {isa = PBXBuildFile; fileRef = 734EC4BC18F2C2EC00DD1B2A /* openedmail_margin_64x64.png */; };
		734EC4C418F2C2EC00DD1B2A /* openedmail_margin_128x128.png in Resources */ = {isa = PBXBuildFile; fileRef = 734EC4BD18F2C2EC00DD1B2A /* openedmail_margin_128x128.png */; };
		734EC4C518F2C2EC00DD1B2A /* openedmail_margin_256x256.png in Resources */ = {isa = PBXBuildFile; fileRef = 734EC4BE18F2C2EC00DD1B2A /* openedmail_margin_256x256.png */; };
		734EC4C618F2C2EC00DD1B2A /* openedmail_margin_512x512.png in Resources */ = {isa = PBXBuildFile; fileRef = 734EC4BF18F2C2EC00DD1B2A /* openedmail_margin_512x512.png */; };
		734EC4C718F2C2EC00DD1B2A /* openedmail_margin_1024x1024.png in Resources */ = {isa = PBXBuildFile; fileRef = 734EC4C018F2C2EC00DD1B2A /* openedmail_margin_1024x1024.png */; };
		7353903918DAFE3A00A070F2 /* Folder.m in Sources */ = {isa = PBXBuildFile; fileRef = 7353903818DAFE3A00A070F2 /* Folder.m */; };
		736094151896744D00E664B4 /* Cocoa.framework in Frameworks */ = {isa = PBXBuildFile; fileRef = 736094141896744D00E664B4 /* Cocoa.framework */; };
		7360941F1896744D00E664B4 /* InfoPlist.strings in Resources */ = {isa = PBXBuildFile; fileRef = 7360941D1896744D00E664B4 /* InfoPlist.strings */; };
		736094211896744D00E664B4 /* main.m in Sources */ = {isa = PBXBuildFile; fileRef = 736094201896744D00E664B4 /* main.m */; };
		736094251896744D00E664B4 /* Credits.rtf in Resources */ = {isa = PBXBuildFile; fileRef = 736094231896744D00E664B4 /* Credits.rtf */; };
		736094281896744D00E664B4 /* AppDelegate.m in Sources */ = {isa = PBXBuildFile; fileRef = 736094271896744D00E664B4 /* AppDelegate.m */; };
		7360942D1896744D00E664B4 /* Images.xcassets in Resources */ = {isa = PBXBuildFile; fileRef = 7360942C1896744D00E664B4 /* Images.xcassets */; };
		736094341896744D00E664B4 /* XCTest.framework in Frameworks */ = {isa = PBXBuildFile; fileRef = 736094331896744D00E664B4 /* XCTest.framework */; };
		736094351896744D00E664B4 /* Cocoa.framework in Frameworks */ = {isa = PBXBuildFile; fileRef = 736094141896744D00E664B4 /* Cocoa.framework */; };
		7360943D1896744D00E664B4 /* InfoPlist.strings in Resources */ = {isa = PBXBuildFile; fileRef = 7360943B1896744D00E664B4 /* InfoPlist.strings */; };
		7360943F1896744D00E664B4 /* MailTests.m in Sources */ = {isa = PBXBuildFile; fileRef = 7360943E1896744D00E664B4 /* MailTests.m */; };
		7360945B1896749D00E664B4 /* Security.framework in Frameworks */ = {isa = PBXBuildFile; fileRef = 7360945A1896749D00E664B4 /* Security.framework */; };
		7360945C189674A600E664B4 /* MailCore.framework in Frameworks */ = {isa = PBXBuildFile; fileRef = 736094591896746100E664B4 /* MailCore.framework */; };
		7374E1DA18E9400800741BE2 /* dateValueTransformer.m in Sources */ = {isa = PBXBuildFile; fileRef = 7374E1D918E9400800741BE2 /* dateValueTransformer.m */; };
		7374E1E018E96E2600741BE2 /* bar.png in Resources */ = {isa = PBXBuildFile; fileRef = 7374E1DF18E96E2600741BE2 /* bar.png */; };
		7374E1E318E9830F00741BE2 /* MessageRowView.m in Sources */ = {isa = PBXBuildFile; fileRef = 7374E1E218E9830F00741BE2 /* MessageRowView.m */; };
		7374E1E518E9962700741BE2 /* MailCore.framework in CopyFiles */ = {isa = PBXBuildFile; fileRef = 736094591896746100E664B4 /* MailCore.framework */; };
		739ABA0418F2918800EBD5F8 /* MainMenu.xib in Resources */ = {isa = PBXBuildFile; fileRef = 739ABA0318F2918800EBD5F8 /* MainMenu.xib */; };
		73AD529418A8EF1B00C3F1DB /* attachment.png in Resources */ = {isa = PBXBuildFile; fileRef = 73AD529218A8EF1B00C3F1DB /* attachment.png */; };
		73AD529518A8EF1B00C3F1DB /* bullet.png in Resources */ = {isa = PBXBuildFile; fileRef = 73AD529318A8EF1B00C3F1DB /* bullet.png */; };
/* End PBXBuildFile section */

/* Begin PBXContainerItemProxy section */
		736094361896744D00E664B4 /* PBXContainerItemProxy */ = {
			isa = PBXContainerItemProxy;
			containerPortal = 736094091896744D00E664B4 /* Project object */;
			proxyType = 1;
			remoteGlobalIDString = 736094101896744D00E664B4;
			remoteInfo = Mail;
		};
		736094501896746100E664B4 /* PBXContainerItemProxy */ = {
			isa = PBXContainerItemProxy;
			containerPortal = 736094481896746100E664B4 /* mailcore2.xcodeproj */;
			proxyType = 2;
			remoteGlobalIDString = C64EA537169E772200778456;
			remoteInfo = "static mailcore2 osx";
		};
		736094521896746100E664B4 /* PBXContainerItemProxy */ = {
			isa = PBXContainerItemProxy;
			containerPortal = 736094481896746100E664B4 /* mailcore2.xcodeproj */;
			proxyType = 2;
			remoteGlobalIDString = C6BA2C191705F4E6003F0E9E;
			remoteInfo = "static mailcore2 ios";
		};
		736094541896746100E664B4 /* PBXContainerItemProxy */ = {
			isa = PBXContainerItemProxy;
			containerPortal = 736094481896746100E664B4 /* mailcore2.xcodeproj */;
			proxyType = 2;
			remoteGlobalIDString = C64EA78C169F259200778456;
			remoteInfo = tests;
		};
		736094561896746100E664B4 /* PBXContainerItemProxy */ = {
			isa = PBXContainerItemProxy;
			containerPortal = 736094481896746100E664B4 /* mailcore2.xcodeproj */;
			proxyType = 2;
			remoteGlobalIDString = C6A81B911706840C00882C15;
			remoteInfo = "test-ios";
		};
		736094581896746100E664B4 /* PBXContainerItemProxy */ = {
			isa = PBXContainerItemProxy;
			containerPortal = 736094481896746100E664B4 /* mailcore2.xcodeproj */;
			proxyType = 2;
			remoteGlobalIDString = C6BD288D170BD71100A91AC1;
			remoteInfo = "mailcore osx";
		};
		7360945D189674AE00E664B4 /* PBXContainerItemProxy */ = {
			isa = PBXContainerItemProxy;
			containerPortal = 736094481896746100E664B4 /* mailcore2.xcodeproj */;
			proxyType = 1;
			remoteGlobalIDString = C6BD288C170BD71100A91AC1;
			remoteInfo = "mailcore osx";
		};
/* End PBXContainerItemProxy section */

/* Begin PBXCopyFilesBuildPhase section */
		7374E1E418E9960E00741BE2 /* CopyFiles */ = {
			isa = PBXCopyFilesBuildPhase;
			buildActionMask = 2147483647;
			dstPath = "";
			dstSubfolderSpec = 10;
			files = (
				7374E1E518E9962700741BE2 /* MailCore.framework in CopyFiles */,
			);
			runOnlyForDeploymentPostprocessing = 0;
		};
/* End PBXCopyFilesBuildPhase section */

/* Begin PBXFileReference section */
		6317C0D118A5414E00479569 /* WebKit.framework */ = {isa = PBXFileReference; lastKnownFileType = wrapper.framework; name = WebKit.framework; path = System/Library/Frameworks/WebKit.framework; sourceTree = SDKROOT; };
		6367D01218AD457E00B60DF4 /* SearchField.h */ = {isa = PBXFileReference; fileEncoding = 4; lastKnownFileType = sourcecode.c.h; name = SearchField.h; path = Views/SearchField.h; sourceTree = "<group>"; };
		6367D01318AD457E00B60DF4 /* SearchField.m */ = {isa = PBXFileReference; fileEncoding = 4; lastKnownFileType = sourcecode.c.objc; name = SearchField.m; path = Views/SearchField.m; sourceTree = "<group>"; };
		6367D01418AD457E00B60DF4 /* SearchFieldCell.h */ = {isa = PBXFileReference; fileEncoding = 4; lastKnownFileType = sourcecode.c.h; name = SearchFieldCell.h; path = Views/SearchFieldCell.h; sourceTree = "<group>"; };
		6367D01518AD457E00B60DF4 /* SearchFieldCell.m */ = {isa = PBXFileReference; fileEncoding = 4; lastKnownFileType = sourcecode.c.objc; name = SearchFieldCell.m; path = Views/SearchFieldCell.m; sourceTree = "<group>"; };
		6367D01E18AD4A4B00B60DF4 /* Account.h */ = {isa = PBXFileReference; fileEncoding = 4; lastKnownFileType = sourcecode.c.h; name = Account.h; path = Models/Account.h; sourceTree = "<group>"; };
		6367D01F18AD4A4B00B60DF4 /* Account.m */ = {isa = PBXFileReference; fileEncoding = 4; lastKnownFileType = sourcecode.c.objc; name = Account.m; path = Models/Account.m; sourceTree = "<group>"; };
		6367D02018AD4A4B00B60DF4 /* Message.h */ = {isa = PBXFileReference; fileEncoding = 4; lastKnownFileType = sourcecode.c.h; name = Message.h; path = Models/Message.h; sourceTree = "<group>"; };
		6367D02118AD4A4B00B60DF4 /* Message.m */ = {isa = PBXFileReference; fileEncoding = 4; lastKnownFileType = sourcecode.c.objc; name = Message.m; path = Models/Message.m; sourceTree = "<group>"; };
		6367D02418AD4A9700B60DF4 /* MessageDetail.h */ = {isa = PBXFileReference; fileEncoding = 4; lastKnownFileType = sourcecode.c.h; name = MessageDetail.h; path = Controllers/MessageDetail.h; sourceTree = "<group>"; };
		6367D02518AD4A9700B60DF4 /* MessageDetail.m */ = {isa = PBXFileReference; fileEncoding = 4; lastKnownFileType = sourcecode.c.objc; name = MessageDetail.m; path = Controllers/MessageDetail.m; sourceTree = "<group>"; };
		6367D02618AD4A9700B60DF4 /* MessageDetail.xib */ = {isa = PBXFileReference; fileEncoding = 4; lastKnownFileType = file.xib; name = MessageDetail.xib; path = Controllers/MessageDetail.xib; sourceTree = "<group>"; };
		6367D02718AD4A9700B60DF4 /* NewMessage.h */ = {isa = PBXFileReference; fileEncoding = 4; lastKnownFileType = sourcecode.c.h; name = NewMessage.h; path = Controllers/NewMessage.h; sourceTree = "<group>"; };
		6367D02818AD4A9700B60DF4 /* NewMessage.m */ = {isa = PBXFileReference; fileEncoding = 4; lastKnownFileType = sourcecode.c.objc; name = NewMessage.m; path = Controllers/NewMessage.m; sourceTree = "<group>"; };
		6367D02918AD4A9700B60DF4 /* NewMessage.xib */ = {isa = PBXFileReference; fileEncoding = 4; lastKnownFileType = file.xib; name = NewMessage.xib; path = Controllers/NewMessage.xib; sourceTree = "<group>"; };
		6367D02A18AD4A9700B60DF4 /* Settings.h */ = {isa = PBXFileReference; fileEncoding = 4; lastKnownFileType = sourcecode.c.h; name = Settings.h; path = Controllers/Settings.h; sourceTree = "<group>"; };
		6367D02B18AD4A9700B60DF4 /* Settings.m */ = {isa = PBXFileReference; fileEncoding = 4; lastKnownFileType = sourcecode.c.objc; name = Settings.m; path = Controllers/Settings.m; sourceTree = "<group>"; };
		6367D02C18AD4A9700B60DF4 /* Settings.xib */ = {isa = PBXFileReference; fileEncoding = 4; lastKnownFileType = file.xib; name = Settings.xib; path = Controllers/Settings.xib; sourceTree = "<group>"; };
		7313086318F51AA900243913 /* draft.pdf */ = {isa = PBXFileReference; lastKnownFileType = image.pdf; name = draft.pdf; path = Resources/folders/draft.pdf; sourceTree = "<group>"; };
		7313086418F51AA900243913 /* important.pdf */ = {isa = PBXFileReference; lastKnownFileType = image.pdf; name = important.pdf; path = Resources/folders/important.pdf; sourceTree = "<group>"; };
		7313086518F51AA900243913 /* inbox.pdf */ = {isa = PBXFileReference; lastKnownFileType = image.pdf; name = inbox.pdf; path = Resources/folders/inbox.pdf; sourceTree = "<group>"; };
		7313086618F51AA900243913 /* outbox.pdf */ = {isa = PBXFileReference; lastKnownFileType = image.pdf; name = outbox.pdf; path = Resources/folders/outbox.pdf; sourceTree = "<group>"; };
		7313086718F51AA900243913 /* spam.pdf */ = {isa = PBXFileReference; lastKnownFileType = image.pdf; name = spam.pdf; path = Resources/folders/spam.pdf; sourceTree = "<group>"; };
		7313086818F51AA900243913 /* starred.pdf */ = {isa = PBXFileReference; lastKnownFileType = image.pdf; name = starred.pdf; path = Resources/folders/starred.pdf; sourceTree = "<group>"; };
		7313086918F51AA900243913 /* trash.pdf */ = {isa = PBXFileReference; lastKnownFileType = image.pdf; name = trash.pdf; path = Resources/folders/trash.pdf; sourceTree = "<group>"; };
		7313087118F51FD800243913 /* folder.pdf */ = {isa = PBXFileReference; lastKnownFileType = image.pdf; name = folder.pdf; path = Resources/folders/folder.pdf; sourceTree = "<group>"; };
		7313087318F52D6800243913 /* FolderRowView.h */ = {isa = PBXFileReference; fileEncoding = 4; lastKnownFileType = sourcecode.c.h; path = FolderRowView.h; sourceTree = "<group>"; };
		7313087418F52D6800243913 /* FolderRowView.m */ = {isa = PBXFileReference; fileEncoding = 4; lastKnownFileType = sourcecode.c.objc; path = FolderRowView.m; sourceTree = "<group>"; };
		7313087618F570BC00243913 /* forward.pdf */ = {isa = PBXFileReference; lastKnownFileType = image.pdf; name = forward.pdf; path = Resources/forward.pdf; sourceTree = "<group>"; };
		7313087818F570C300243913 /* reply.pdf */ = {isa = PBXFileReference; lastKnownFileType = image.pdf; name = reply.pdf; path = Resources/reply.pdf; sourceTree = "<group>"; };
		7313087A18F5782700243913 /* search.pdf */ = {isa = PBXFileReference; lastKnownFileType = image.pdf; name = search.pdf; path = Resources/search.pdf; sourceTree = "<group>"; };
		731FE27918A3747E00715E68 /* ConnectionManager.h */ = {isa = PBXFileReference; fileEncoding = 4; lastKnownFileType = sourcecode.c.h; path = ConnectionManager.h; sourceTree = "<group>"; };
		731FE27A18A3747E00715E68 /* ConnectionManager.m */ = {isa = PBXFileReference; fileEncoding = 4; lastKnownFileType = sourcecode.c.objc; path = ConnectionManager.m; sourceTree = "<group>"; };
		73202CE518ED33D500F0594B /* openedmail_16x16.png */ = {isa = PBXFileReference; lastKnownFileType = image.png; name = openedmail_16x16.png; path = Resources/logo/openedmail/openedmail_16x16.png; sourceTree = "<group>"; };
		73202CE618ED33D500F0594B /* openedmail_32x32.png */ = {isa = PBXFileReference; lastKnownFileType = image.png; name = openedmail_32x32.png; path = Resources/logo/openedmail/openedmail_32x32.png; sourceTree = "<group>"; };
		73202CE718ED33D500F0594B /* openedmail_64x64.png */ = {isa = PBXFileReference; lastKnownFileType = image.png; name = openedmail_64x64.png; path = Resources/logo/openedmail/openedmail_64x64.png; sourceTree = "<group>"; };
		73202CE818ED33D500F0594B /* openedmail_128x128.png */ = {isa = PBXFileReference; lastKnownFileType = image.png; name = openedmail_128x128.png; path = Resources/logo/openedmail/openedmail_128x128.png; sourceTree = "<group>"; };
		73202CE918ED33D500F0594B /* openedmail_256x256.png */ = {isa = PBXFileReference; lastKnownFileType = image.png; name = openedmail_256x256.png; path = Resources/logo/openedmail/openedmail_256x256.png; sourceTree = "<group>"; };
		73202CEA18ED33D500F0594B /* openedmail_512x512.png */ = {isa = PBXFileReference; lastKnownFileType = image.png; name = openedmail_512x512.png; path = Resources/logo/openedmail/openedmail_512x512.png; sourceTree = "<group>"; };
		73202CEB18ED33D500F0594B /* openedmail_1024x1024.png */ = {isa = PBXFileReference; lastKnownFileType = image.png; name = openedmail_1024x1024.png; path = Resources/logo/openedmail/openedmail_1024x1024.png; sourceTree = "<group>"; };
		73202CF318ED3BD500F0594B /* closedmail_16x16.png */ = {isa = PBXFileReference; lastKnownFileType = image.png; name = closedmail_16x16.png; path = Resources/logo/closedmail/closedmail_16x16.png; sourceTree = "<group>"; };
		73202CF418ED3BD500F0594B /* closedmail_32x32.png */ = {isa = PBXFileReference; lastKnownFileType = image.png; name = closedmail_32x32.png; path = Resources/logo/closedmail/closedmail_32x32.png; sourceTree = "<group>"; };
		73202CF518ED3BD500F0594B /* closedmail_64x64.png */ = {isa = PBXFileReference; lastKnownFileType = image.png; name = closedmail_64x64.png; path = Resources/logo/closedmail/closedmail_64x64.png; sourceTree = "<group>"; };
		73202CF618ED3BD500F0594B /* closedmail_128x128.png */ = {isa = PBXFileReference; lastKnownFileType = image.png; name = closedmail_128x128.png; path = Resources/logo/closedmail/closedmail_128x128.png; sourceTree = "<group>"; };
		73202CF718ED3BD500F0594B /* closedmail_256x256.png */ = {isa = PBXFileReference; lastKnownFileType = image.png; name = closedmail_256x256.png; path = Resources/logo/closedmail/closedmail_256x256.png; sourceTree = "<group>"; };
		73202CF818ED3BD500F0594B /* closedmail_512x512.png */ = {isa = PBXFileReference; lastKnownFileType = image.png; name = closedmail_512x512.png; path = Resources/logo/closedmail/closedmail_512x512.png; sourceTree = "<group>"; };
		73202CF918ED3BD500F0594B /* closedmail_1024x1024.png */ = {isa = PBXFileReference; lastKnownFileType = image.png; name = closedmail_1024x1024.png; path = Resources/logo/closedmail/closedmail_1024x1024.png; sourceTree = "<group>"; };
		73202D0118ED3F9100F0594B /* status.png */ = {isa = PBXFileReference; lastKnownFileType = image.png; name = status.png; path = Resources/status.png; sourceTree = "<group>"; };
		73202D0A18ED60D600F0594B /* MenuViewController.h */ = {isa = PBXFileReference; fileEncoding = 4; lastKnownFileType = sourcecode.c.h; path = MenuViewController.h; sourceTree = "<group>"; };
		73202D0B18ED60D600F0594B /* MenuViewController.m */ = {isa = PBXFileReference; fileEncoding = 4; lastKnownFileType = sourcecode.c.objc; path = MenuViewController.m; sourceTree = "<group>"; };
		73202D0C18ED60D600F0594B /* MenuViewController.xib */ = {isa = PBXFileReference; fileEncoding = 4; lastKnownFileType = file.xib; path = MenuViewController.xib; sourceTree = "<group>"; };
		732539AB18E30E6700F21A17 /* save.png */ = {isa = PBXFileReference; lastKnownFileType = image.png; name = save.png; path = Resources/save.png; sourceTree = "<group>"; };
		732539B118E30F0E00F21A17 /* open.png */ = {isa = PBXFileReference; lastKnownFileType = image.png; name = open.png; path = Resources/open.png; sourceTree = "<group>"; };
		732539B318E311EC00F21A17 /* menu.png */ = {isa = PBXFileReference; lastKnownFileType = image.png; name = menu.png; path = Resources/menu.png; sourceTree = "<group>"; };
		73298F3F18E18FB500E05756 /* AttachmentView.h */ = {isa = PBXFileReference; fileEncoding = 4; lastKnownFileType = sourcecode.c.h; path = AttachmentView.h; sourceTree = "<group>"; };
		73298F4018E18FB500E05756 /* AttachmentView.m */ = {isa = PBXFileReference; fileEncoding = 4; lastKnownFileType = sourcecode.c.objc; path = AttachmentView.m; sourceTree = "<group>"; };
		73298F4118E18FB500E05756 /* FormatView.h */ = {isa = PBXFileReference; fileEncoding = 4; lastKnownFileType = sourcecode.c.h; path = FormatView.h; sourceTree = "<group>"; };
		73298F4218E18FB500E05756 /* FormatView.m */ = {isa = PBXFileReference; fileEncoding = 4; lastKnownFileType = sourcecode.c.objc; path = FormatView.m; sourceTree = "<group>"; };
		73298F4518E1A9E500E05756 /* Attachment.h */ = {isa = PBXFileReference; fileEncoding = 4; lastKnownFileType = sourcecode.c.h; path = Attachment.h; sourceTree = "<group>"; };
		73298F4618E1A9E500E05756 /* Attachment.m */ = {isa = PBXFileReference; fileEncoding = 4; lastKnownFileType = sourcecode.c.objc; path = Attachment.m; sourceTree = "<group>"; };
		73298F4818E1B89F00E05756 /* fileSizeTransformer.h */ = {isa = PBXFileReference; fileEncoding = 4; lastKnownFileType = sourcecode.c.h; path = fileSizeTransformer.h; sourceTree = "<group>"; };
		73298F4918E1B89F00E05756 /* fileSizeTransformer.m */ = {isa = PBXFileReference; fileEncoding = 4; lastKnownFileType = sourcecode.c.objc; path = fileSizeTransformer.m; sourceTree = "<group>"; };
		73298F4B18E1C16C00E05756 /* AttachmentItemViewController.h */ = {isa = PBXFileReference; fileEncoding = 4; lastKnownFileType = sourcecode.c.h; path = AttachmentItemViewController.h; sourceTree = "<group>"; };
		73298F4C18E1C16C00E05756 /* AttachmentItemViewController.m */ = {isa = PBXFileReference; fileEncoding = 4; lastKnownFileType = sourcecode.c.objc; path = AttachmentItemViewController.m; sourceTree = "<group>"; };
		732F941C18E40B60008AC581 /* MessageHeaderView.h */ = {isa = PBXFileReference; fileEncoding = 4; lastKnownFileType = sourcecode.c.h; path = MessageHeaderView.h; sourceTree = "<group>"; };
		732F941D18E40B60008AC581 /* MessageHeaderView.m */ = {isa = PBXFileReference; fileEncoding = 4; lastKnownFileType = sourcecode.c.objc; path = MessageHeaderView.m; sourceTree = "<group>"; };
		7345876418E466C000B74D63 /* AccountsManager.h */ = {isa = PBXFileReference; fileEncoding = 4; lastKnownFileType = sourcecode.c.h; path = AccountsManager.h; sourceTree = "<group>"; };
		7345876518E466C000B74D63 /* AccountsManager.m */ = {isa = PBXFileReference; fileEncoding = 4; lastKnownFileType = sourcecode.c.objc; path = AccountsManager.m; sourceTree = "<group>"; };
		734EC4BA18F2C2EC00DD1B2A /* openedmail_margin_16x16.png */ = {isa = PBXFileReference; lastKnownFileType = image.png; name = openedmail_margin_16x16.png; path = Resources/logo/openedmail/openedmail_margin_16x16.png; sourceTree = "<group>"; };
		734EC4BB18F2C2EC00DD1B2A /* openedmail_margin_32x32.png */ = {isa = PBXFileReference; lastKnownFileType = image.png; name = openedmail_margin_32x32.png; path = Resources/logo/openedmail/openedmail_margin_32x32.png; sourceTree = "<group>"; };
		734EC4BC18F2C2EC00DD1B2A /* openedmail_margin_64x64.png */ = {isa = PBXFileReference; lastKnownFileType = image.png; name = openedmail_margin_64x64.png; path = Resources/logo/openedmail/openedmail_margin_64x64.png; sourceTree = "<group>"; };
		734EC4BD18F2C2EC00DD1B2A /* openedmail_margin_128x128.png */ = {isa = PBXFileReference; lastKnownFileType = image.png; name = openedmail_margin_128x128.png; path = Resources/logo/openedmail/openedmail_margin_128x128.png; sourceTree = "<group>"; };
		734EC4BE18F2C2EC00DD1B2A /* openedmail_margin_256x256.png */ = {isa = PBXFileReference; lastKnownFileType = image.png; name = openedmail_margin_256x256.png; path = Resources/logo/openedmail/openedmail_margin_256x256.png; sourceTree = "<group>"; };
		734EC4BF18F2C2EC00DD1B2A /* openedmail_margin_512x512.png */ = {isa = PBXFileReference; lastKnownFileType = image.png; name = openedmail_margin_512x512.png; path = Resources/logo/openedmail/openedmail_margin_512x512.png; sourceTree = "<group>"; };
		734EC4C018F2C2EC00DD1B2A /* openedmail_margin_1024x1024.png */ = {isa = PBXFileReference; lastKnownFileType = image.png; name = openedmail_margin_1024x1024.png; path = Resources/logo/openedmail/openedmail_margin_1024x1024.png; sourceTree = "<group>"; };
		7353903718DAFE3A00A070F2 /* Folder.h */ = {isa = PBXFileReference; fileEncoding = 4; lastKnownFileType = sourcecode.c.h; path = Folder.h; sourceTree = "<group>"; };
		7353903818DAFE3A00A070F2 /* Folder.m */ = {isa = PBXFileReference; fileEncoding = 4; lastKnownFileType = sourcecode.c.objc; path = Folder.m; sourceTree = "<group>"; };
		736094111896744D00E664B4 /* Mail.app */ = {isa = PBXFileReference; explicitFileType = wrapper.application; includeInIndex = 0; path = Mail.app; sourceTree = BUILT_PRODUCTS_DIR; };
		736094141896744D00E664B4 /* Cocoa.framework */ = {isa = PBXFileReference; lastKnownFileType = wrapper.framework; name = Cocoa.framework; path = System/Library/Frameworks/Cocoa.framework; sourceTree = SDKROOT; };
		736094171896744D00E664B4 /* AppKit.framework */ = {isa = PBXFileReference; lastKnownFileType = wrapper.framework; name = AppKit.framework; path = System/Library/Frameworks/AppKit.framework; sourceTree = SDKROOT; };
		736094181896744D00E664B4 /* CoreData.framework */ = {isa = PBXFileReference; lastKnownFileType = wrapper.framework; name = CoreData.framework; path = System/Library/Frameworks/CoreData.framework; sourceTree = SDKROOT; };
		736094191896744D00E664B4 /* Foundation.framework */ = {isa = PBXFileReference; lastKnownFileType = wrapper.framework; name = Foundation.framework; path = System/Library/Frameworks/Foundation.framework; sourceTree = SDKROOT; };
		7360941C1896744D00E664B4 /* Mail-Info.plist */ = {isa = PBXFileReference; lastKnownFileType = text.plist.xml; path = "Mail-Info.plist"; sourceTree = "<group>"; };
		7360941E1896744D00E664B4 /* en */ = {isa = PBXFileReference; lastKnownFileType = text.plist.strings; name = en; path = en.lproj/InfoPlist.strings; sourceTree = "<group>"; };
		736094201896744D00E664B4 /* main.m */ = {isa = PBXFileReference; lastKnownFileType = sourcecode.c.objc; path = main.m; sourceTree = "<group>"; };
		736094221896744D00E664B4 /* Mail-Prefix.pch */ = {isa = PBXFileReference; lastKnownFileType = sourcecode.c.h; path = "Mail-Prefix.pch"; sourceTree = "<group>"; };
		736094241896744D00E664B4 /* en */ = {isa = PBXFileReference; lastKnownFileType = text.rtf; name = en; path = en.lproj/Credits.rtf; sourceTree = "<group>"; };
		736094261896744D00E664B4 /* AppDelegate.h */ = {isa = PBXFileReference; lastKnownFileType = sourcecode.c.h; path = AppDelegate.h; sourceTree = "<group>"; };
		736094271896744D00E664B4 /* AppDelegate.m */ = {isa = PBXFileReference; lastKnownFileType = sourcecode.c.objc; path = AppDelegate.m; sourceTree = "<group>"; };
		7360942C1896744D00E664B4 /* Images.xcassets */ = {isa = PBXFileReference; lastKnownFileType = folder.assetcatalog; path = Images.xcassets; sourceTree = "<group>"; };
		736094321896744D00E664B4 /* MailTests.xctest */ = {isa = PBXFileReference; explicitFileType = wrapper.cfbundle; includeInIndex = 0; path = MailTests.xctest; sourceTree = BUILT_PRODUCTS_DIR; };
		736094331896744D00E664B4 /* XCTest.framework */ = {isa = PBXFileReference; lastKnownFileType = wrapper.framework; name = XCTest.framework; path = Library/Frameworks/XCTest.framework; sourceTree = DEVELOPER_DIR; };
		7360943A1896744D00E664B4 /* MailTests-Info.plist */ = {isa = PBXFileReference; lastKnownFileType = text.plist.xml; path = "MailTests-Info.plist"; sourceTree = "<group>"; };
		7360943C1896744D00E664B4 /* en */ = {isa = PBXFileReference; lastKnownFileType = text.plist.strings; name = en; path = en.lproj/InfoPlist.strings; sourceTree = "<group>"; };
		7360943E1896744D00E664B4 /* MailTests.m */ = {isa = PBXFileReference; lastKnownFileType = sourcecode.c.objc; path = MailTests.m; sourceTree = "<group>"; };
		736094481896746100E664B4 /* mailcore2.xcodeproj */ = {isa = PBXFileReference; lastKnownFileType = "wrapper.pb-project"; name = mailcore2.xcodeproj; path = "../../mailcore2/build-mac/mailcore2.xcodeproj"; sourceTree = "<group>"; };
		7360945A1896749D00E664B4 /* Security.framework */ = {isa = PBXFileReference; lastKnownFileType = wrapper.framework; name = Security.framework; path = System/Library/Frameworks/Security.framework; sourceTree = SDKROOT; };
		7374E1D818E9400800741BE2 /* dateValueTransformer.h */ = {isa = PBXFileReference; fileEncoding = 4; lastKnownFileType = sourcecode.c.h; path = dateValueTransformer.h; sourceTree = "<group>"; };
		7374E1D918E9400800741BE2 /* dateValueTransformer.m */ = {isa = PBXFileReference; fileEncoding = 4; lastKnownFileType = sourcecode.c.objc; path = dateValueTransformer.m; sourceTree = "<group>"; };
		7374E1DF18E96E2600741BE2 /* bar.png */ = {isa = PBXFileReference; lastKnownFileType = image.png; name = bar.png; path = Resources/bar.png; sourceTree = "<group>"; };
		7374E1E118E9830F00741BE2 /* MessageRowView.h */ = {isa = PBXFileReference; fileEncoding = 4; lastKnownFileType = sourcecode.c.h; path = MessageRowView.h; sourceTree = "<group>"; };
		7374E1E218E9830F00741BE2 /* MessageRowView.m */ = {isa = PBXFileReference; fileEncoding = 4; lastKnownFileType = sourcecode.c.objc; path = MessageRowView.m; sourceTree = "<group>"; };
		739ABA0318F2918800EBD5F8 /* MainMenu.xib */ = {isa = PBXFileReference; fileEncoding = 4; lastKnownFileType = file.xib; path = MainMenu.xib; sourceTree = "<group>"; };
		73AD529218A8EF1B00C3F1DB /* attachment.png */ = {isa = PBXFileReference; lastKnownFileType = image.png; name = attachment.png; path = Resources/attachment.png; sourceTree = "<group>"; };
		73AD529318A8EF1B00C3F1DB /* bullet.png */ = {isa = PBXFileReference; lastKnownFileType = image.png; name = bullet.png; path = Resources/bullet.png; sourceTree = "<group>"; };
/* End PBXFileReference section */

/* Begin PBXFrameworksBuildPhase section */
		7360940E1896744D00E664B4 /* Frameworks */ = {
			isa = PBXFrameworksBuildPhase;
			buildActionMask = 2147483647;
			files = (
				6317C0D718A5419600479569 /* WebKit.framework in Frameworks */,
				7360945C189674A600E664B4 /* MailCore.framework in Frameworks */,
				7360945B1896749D00E664B4 /* Security.framework in Frameworks */,
				736094151896744D00E664B4 /* Cocoa.framework in Frameworks */,
			);
			runOnlyForDeploymentPostprocessing = 0;
		};
		7360942F1896744D00E664B4 /* Frameworks */ = {
			isa = PBXFrameworksBuildPhase;
			buildActionMask = 2147483647;
			files = (
				736094351896744D00E664B4 /* Cocoa.framework in Frameworks */,
				736094341896744D00E664B4 /* XCTest.framework in Frameworks */,
			);
			runOnlyForDeploymentPostprocessing = 0;
		};
/* End PBXFrameworksBuildPhase section */

/* Begin PBXGroup section */
		6317C0E418A54BA900479569 /* Resources */ = {
			isa = PBXGroup;
			children = (
				734EC4D218F2CD3400DD1B2A /* folders */,
				7374E1DF18E96E2600741BE2 /* bar.png */,
				7313087618F570BC00243913 /* forward.pdf */,
				7313087818F570C300243913 /* reply.pdf */,
				7313087A18F5782700243913 /* search.pdf */,
				732539B318E311EC00F21A17 /* menu.png */,
				732539B118E30F0E00F21A17 /* open.png */,
				732539AB18E30E6700F21A17 /* save.png */,
				73AD529218A8EF1B00C3F1DB /* attachment.png */,
				73AD529318A8EF1B00C3F1DB /* bullet.png */,
				73202D0118ED3F9100F0594B /* status.png */,
				63F90CB218A69083005295CF /* logo */,
			);
			name = Resources;
			path = ..;
			sourceTree = "<group>";
		};
		63D7CCBE18A97BC1002B7A90 /* opened */ = {
			isa = PBXGroup;
			children = (
				73202CE518ED33D500F0594B /* openedmail_16x16.png */,
				73202CE618ED33D500F0594B /* openedmail_32x32.png */,
				73202CE718ED33D500F0594B /* openedmail_64x64.png */,
				73202CE818ED33D500F0594B /* openedmail_128x128.png */,
				73202CE918ED33D500F0594B /* openedmail_256x256.png */,
				73202CEA18ED33D500F0594B /* openedmail_512x512.png */,
				73202CEB18ED33D500F0594B /* openedmail_1024x1024.png */,
			);
			name = opened;
			sourceTree = "<group>";
		};
		63D7CCC618A98095002B7A90 /* closed */ = {
			isa = PBXGroup;
			children = (
				73202CF318ED3BD500F0594B /* closedmail_16x16.png */,
				73202CF418ED3BD500F0594B /* closedmail_32x32.png */,
				73202CF518ED3BD500F0594B /* closedmail_64x64.png */,
				73202CF618ED3BD500F0594B /* closedmail_128x128.png */,
				73202CF718ED3BD500F0594B /* closedmail_256x256.png */,
				73202CF818ED3BD500F0594B /* closedmail_512x512.png */,
				73202CF918ED3BD500F0594B /* closedmail_1024x1024.png */,
			);
			name = closed;
			sourceTree = "<group>";
		};
		63E3398F18A3F99900B42F23 /* Controllers */ = {
			isa = PBXGroup;
			children = (
				736094261896744D00E664B4 /* AppDelegate.h */,
				736094271896744D00E664B4 /* AppDelegate.m */,
				739ABA0318F2918800EBD5F8 /* MainMenu.xib */,
				6367D02418AD4A9700B60DF4 /* MessageDetail.h */,
				6367D02518AD4A9700B60DF4 /* MessageDetail.m */,
				6367D02618AD4A9700B60DF4 /* MessageDetail.xib */,
				6367D02718AD4A9700B60DF4 /* NewMessage.h */,
				6367D02818AD4A9700B60DF4 /* NewMessage.m */,
				6367D02918AD4A9700B60DF4 /* NewMessage.xib */,
				6367D02A18AD4A9700B60DF4 /* Settings.h */,
				6367D02B18AD4A9700B60DF4 /* Settings.m */,
				6367D02C18AD4A9700B60DF4 /* Settings.xib */,
				73298F4B18E1C16C00E05756 /* AttachmentItemViewController.h */,
				73298F4C18E1C16C00E05756 /* AttachmentItemViewController.m */,
				73202D0A18ED60D600F0594B /* MenuViewController.h */,
				73202D0B18ED60D600F0594B /* MenuViewController.m */,
				73202D0C18ED60D600F0594B /* MenuViewController.xib */,
			);
			name = Controllers;
			sourceTree = "<group>";
		};
		63F90CB218A69083005295CF /* logo */ = {
			isa = PBXGroup;
			children = (
				734EC4B918F2C2D100DD1B2A /* opened_margin */,
				63D7CCC618A98095002B7A90 /* closed */,
				63D7CCBE18A97BC1002B7A90 /* opened */,
			);
			name = logo;
			sourceTree = "<group>";
		};
		731FE27418A36BDF00715E68 /* Views */ = {
			isa = PBXGroup;
			children = (
				73298F3F18E18FB500E05756 /* AttachmentView.h */,
				73298F4018E18FB500E05756 /* AttachmentView.m */,
				73298F4118E18FB500E05756 /* FormatView.h */,
				73298F4218E18FB500E05756 /* FormatView.m */,
				6367D01218AD457E00B60DF4 /* SearchField.h */,
				6367D01318AD457E00B60DF4 /* SearchField.m */,
				6367D01418AD457E00B60DF4 /* SearchFieldCell.h */,
				6367D01518AD457E00B60DF4 /* SearchFieldCell.m */,
				732F941C18E40B60008AC581 /* MessageHeaderView.h */,
				732F941D18E40B60008AC581 /* MessageHeaderView.m */,
				7374E1E118E9830F00741BE2 /* MessageRowView.h */,
				7374E1E218E9830F00741BE2 /* MessageRowView.m */,
				7313087318F52D6800243913 /* FolderRowView.h */,
				7313087418F52D6800243913 /* FolderRowView.m */,
			);
			name = Views;
			sourceTree = "<group>";
		};
		731FE27518A371B700715E68 /* Models */ = {
			isa = PBXGroup;
			children = (
				6367D01E18AD4A4B00B60DF4 /* Account.h */,
				6367D01F18AD4A4B00B60DF4 /* Account.m */,
				7353903718DAFE3A00A070F2 /* Folder.h */,
				7353903818DAFE3A00A070F2 /* Folder.m */,
				6367D02018AD4A4B00B60DF4 /* Message.h */,
				6367D02118AD4A4B00B60DF4 /* Message.m */,
				73298F4518E1A9E500E05756 /* Attachment.h */,
				73298F4618E1A9E500E05756 /* Attachment.m */,
				7345876418E466C000B74D63 /* AccountsManager.h */,
				7345876518E466C000B74D63 /* AccountsManager.m */,
				731FE27918A3747E00715E68 /* ConnectionManager.h */,
				731FE27A18A3747E00715E68 /* ConnectionManager.m */,
			);
			name = Models;
			sourceTree = "<group>";
		};
		734EC4B918F2C2D100DD1B2A /* opened_margin */ = {
			isa = PBXGroup;
			children = (
				734EC4BA18F2C2EC00DD1B2A /* openedmail_margin_16x16.png */,
				734EC4BB18F2C2EC00DD1B2A /* openedmail_margin_32x32.png */,
				734EC4BC18F2C2EC00DD1B2A /* openedmail_margin_64x64.png */,
				734EC4BD18F2C2EC00DD1B2A /* openedmail_margin_128x128.png */,
				734EC4BE18F2C2EC00DD1B2A /* openedmail_margin_256x256.png */,
				734EC4BF18F2C2EC00DD1B2A /* openedmail_margin_512x512.png */,
				734EC4C018F2C2EC00DD1B2A /* openedmail_margin_1024x1024.png */,
			);
			name = opened_margin;
			sourceTree = "<group>";
		};
		734EC4D218F2CD3400DD1B2A /* folders */ = {
			isa = PBXGroup;
			children = (
				7313087118F51FD800243913 /* folder.pdf */,
				7313086318F51AA900243913 /* draft.pdf */,
				7313086418F51AA900243913 /* important.pdf */,
				7313086518F51AA900243913 /* inbox.pdf */,
				7313086618F51AA900243913 /* outbox.pdf */,
				7313086718F51AA900243913 /* spam.pdf */,
				7313086818F51AA900243913 /* starred.pdf */,
				7313086918F51AA900243913 /* trash.pdf */,
			);
			name = folders;
			sourceTree = "<group>";
		};
		736094081896744D00E664B4 = {
			isa = PBXGroup;
			children = (
				736094481896746100E664B4 /* mailcore2.xcodeproj */,
				7360941A1896744D00E664B4 /* Mail */,
				736094381896744D00E664B4 /* MailTests */,
				736094131896744D00E664B4 /* Frameworks */,
				736094121896744D00E664B4 /* Products */,
			);
			sourceTree = "<group>";
		};
		736094121896744D00E664B4 /* Products */ = {
			isa = PBXGroup;
			children = (
				736094111896744D00E664B4 /* Mail.app */,
				736094321896744D00E664B4 /* MailTests.xctest */,
			);
			name = Products;
			sourceTree = "<group>";
		};
		736094131896744D00E664B4 /* Frameworks */ = {
			isa = PBXGroup;
			children = (
				6317C0D118A5414E00479569 /* WebKit.framework */,
				7360945A1896749D00E664B4 /* Security.framework */,
				736094141896744D00E664B4 /* Cocoa.framework */,
				736094331896744D00E664B4 /* XCTest.framework */,
				736094161896744D00E664B4 /* Other Frameworks */,
			);
			name = Frameworks;
			sourceTree = "<group>";
		};
		736094161896744D00E664B4 /* Other Frameworks */ = {
			isa = PBXGroup;
			children = (
				736094171896744D00E664B4 /* AppKit.framework */,
				736094181896744D00E664B4 /* CoreData.framework */,
				736094191896744D00E664B4 /* Foundation.framework */,
			);
			name = "Other Frameworks";
			sourceTree = "<group>";
		};
		7360941A1896744D00E664B4 /* Mail */ = {
			isa = PBXGroup;
			children = (
				63E3398F18A3F99900B42F23 /* Controllers */,
				731FE27518A371B700715E68 /* Models */,
				731FE27418A36BDF00715E68 /* Views */,
				73298F4818E1B89F00E05756 /* fileSizeTransformer.h */,
				73298F4918E1B89F00E05756 /* fileSizeTransformer.m */,
				7374E1D818E9400800741BE2 /* dateValueTransformer.h */,
				7374E1D918E9400800741BE2 /* dateValueTransformer.m */,
				6317C0E418A54BA900479569 /* Resources */,
				7360942C1896744D00E664B4 /* Images.xcassets */,
				7360941B1896744D00E664B4 /* Supporting Files */,
			);
			path = Mail;
			sourceTree = "<group>";
		};
		7360941B1896744D00E664B4 /* Supporting Files */ = {
			isa = PBXGroup;
			children = (
				7360941C1896744D00E664B4 /* Mail-Info.plist */,
				7360941D1896744D00E664B4 /* InfoPlist.strings */,
				736094201896744D00E664B4 /* main.m */,
				736094221896744D00E664B4 /* Mail-Prefix.pch */,
				736094231896744D00E664B4 /* Credits.rtf */,
			);
			name = "Supporting Files";
			sourceTree = "<group>";
		};
		736094381896744D00E664B4 /* MailTests */ = {
			isa = PBXGroup;
			children = (
				7360943E1896744D00E664B4 /* MailTests.m */,
				736094391896744D00E664B4 /* Supporting Files */,
			);
			path = MailTests;
			sourceTree = "<group>";
		};
		736094391896744D00E664B4 /* Supporting Files */ = {
			isa = PBXGroup;
			children = (
				7360943A1896744D00E664B4 /* MailTests-Info.plist */,
				7360943B1896744D00E664B4 /* InfoPlist.strings */,
			);
			name = "Supporting Files";
			sourceTree = "<group>";
		};
		736094491896746100E664B4 /* Products */ = {
			isa = PBXGroup;
			children = (
				736094511896746100E664B4 /* libMailCore.a */,
				736094531896746100E664B4 /* libMailCore-ios.a */,
				736094551896746100E664B4 /* tests */,
				736094571896746100E664B4 /* test-ios.app */,
				736094591896746100E664B4 /* MailCore.framework */,
			);
			name = Products;
			sourceTree = "<group>";
		};
/* End PBXGroup section */

/* Begin PBXNativeTarget section */
		736094101896744D00E664B4 /* Mail */ = {
			isa = PBXNativeTarget;
			buildConfigurationList = 736094421896744D00E664B4 /* Build configuration list for PBXNativeTarget "Mail" */;
			buildPhases = (
				7360940D1896744D00E664B4 /* Sources */,
				7360940E1896744D00E664B4 /* Frameworks */,
				7360940F1896744D00E664B4 /* Resources */,
				7374E1E418E9960E00741BE2 /* CopyFiles */,
			);
			buildRules = (
			);
			dependencies = (
				7360945E189674AE00E664B4 /* PBXTargetDependency */,
			);
			name = Mail;
			productName = Mail;
			productReference = 736094111896744D00E664B4 /* Mail.app */;
			productType = "com.apple.product-type.application";
		};
		736094311896744D00E664B4 /* MailTests */ = {
			isa = PBXNativeTarget;
			buildConfigurationList = 736094451896744D00E664B4 /* Build configuration list for PBXNativeTarget "MailTests" */;
			buildPhases = (
				7360942E1896744D00E664B4 /* Sources */,
				7360942F1896744D00E664B4 /* Frameworks */,
				736094301896744D00E664B4 /* Resources */,
			);
			buildRules = (
			);
			dependencies = (
				736094371896744D00E664B4 /* PBXTargetDependency */,
			);
			name = MailTests;
			productName = MailTests;
			productReference = 736094321896744D00E664B4 /* MailTests.xctest */;
			productType = "com.apple.product-type.bundle.unit-test";
		};
/* End PBXNativeTarget section */

/* Begin PBXProject section */
		736094091896744D00E664B4 /* Project object */ = {
			isa = PBXProject;
			attributes = {
				LastUpgradeCheck = 0500;
				ORGANIZATIONNAME = Coninckx;
				TargetAttributes = {
					736094311896744D00E664B4 = {
						TestTargetID = 736094101896744D00E664B4;
					};
				};
			};
			buildConfigurationList = 7360940C1896744D00E664B4 /* Build configuration list for PBXProject "Mail" */;
			compatibilityVersion = "Xcode 3.2";
			developmentRegion = English;
			hasScannedForEncodings = 0;
			knownRegions = (
				en,
				Base,
			);
			mainGroup = 736094081896744D00E664B4;
			productRefGroup = 736094121896744D00E664B4 /* Products */;
			projectDirPath = "";
			projectReferences = (
				{
					ProductGroup = 736094491896746100E664B4 /* Products */;
					ProjectRef = 736094481896746100E664B4 /* mailcore2.xcodeproj */;
				},
			);
			projectRoot = "";
			targets = (
				736094101896744D00E664B4 /* Mail */,
				736094311896744D00E664B4 /* MailTests */,
			);
		};
/* End PBXProject section */

/* Begin PBXReferenceProxy section */
		736094511896746100E664B4 /* libMailCore.a */ = {
			isa = PBXReferenceProxy;
			fileType = archive.ar;
			path = libMailCore.a;
			remoteRef = 736094501896746100E664B4 /* PBXContainerItemProxy */;
			sourceTree = BUILT_PRODUCTS_DIR;
		};
		736094531896746100E664B4 /* libMailCore-ios.a */ = {
			isa = PBXReferenceProxy;
			fileType = archive.ar;
			path = "libMailCore-ios.a";
			remoteRef = 736094521896746100E664B4 /* PBXContainerItemProxy */;
			sourceTree = BUILT_PRODUCTS_DIR;
		};
		736094551896746100E664B4 /* tests */ = {
			isa = PBXReferenceProxy;
			fileType = "compiled.mach-o.executable";
			path = tests;
			remoteRef = 736094541896746100E664B4 /* PBXContainerItemProxy */;
			sourceTree = BUILT_PRODUCTS_DIR;
		};
		736094571896746100E664B4 /* test-ios.app */ = {
			isa = PBXReferenceProxy;
			fileType = wrapper.application;
			path = "test-ios.app";
			remoteRef = 736094561896746100E664B4 /* PBXContainerItemProxy */;
			sourceTree = BUILT_PRODUCTS_DIR;
		};
		736094591896746100E664B4 /* MailCore.framework */ = {
			isa = PBXReferenceProxy;
			fileType = wrapper.framework;
			path = MailCore.framework;
			remoteRef = 736094581896746100E664B4 /* PBXContainerItemProxy */;
			sourceTree = BUILT_PRODUCTS_DIR;
		};
/* End PBXReferenceProxy section */

/* Begin PBXResourcesBuildPhase section */
		7360940F1896744D00E664B4 /* Resources */ = {
			isa = PBXResourcesBuildPhase;
			buildActionMask = 2147483647;
			files = (
				73AD529418A8EF1B00C3F1DB /* attachment.png in Resources */,
				734EC4C418F2C2EC00DD1B2A /* openedmail_margin_128x128.png in Resources */,
				7313086A18F51AA900243913 /* draft.pdf in Resources */,
				73202CFB18ED3BD500F0594B /* closedmail_32x32.png in Resources */,
				73202CED18ED33D500F0594B /* openedmail_32x32.png in Resources */,
				7360941F1896744D00E664B4 /* InfoPlist.strings in Resources */,
				734EC4C218F2C2EC00DD1B2A /* openedmail_margin_32x32.png in Resources */,
				734EC4C518F2C2EC00DD1B2A /* openedmail_margin_256x256.png in Resources */,
				732539AC18E30E6700F21A17 /* save.png in Resources */,
				732539B218E30F0E00F21A17 /* open.png in Resources */,
				73202D0E18ED60D600F0594B /* MenuViewController.xib in Resources */,
				7313086B18F51AA900243913 /* important.pdf in Resources */,
				73202CF118ED33D500F0594B /* openedmail_512x512.png in Resources */,
				7313087918F570C300243913 /* reply.pdf in Resources */,
				7313086D18F51AA900243913 /* outbox.pdf in Resources */,
				73202CF218ED33D500F0594B /* openedmail_1024x1024.png in Resources */,
				73202CEC18ED33D500F0594B /* openedmail_16x16.png in Resources */,
				7313087B18F5782700243913 /* search.pdf in Resources */,
				734EC4C118F2C2EC00DD1B2A /* openedmail_margin_16x16.png in Resources */,
				73202CFE18ED3BD500F0594B /* closedmail_256x256.png in Resources */,
				7374E1E018E96E2600741BE2 /* bar.png in Resources */,
				73202CFF18ED3BD500F0594B /* closedmail_512x512.png in Resources */,
				73202CFC18ED3BD500F0594B /* closedmail_64x64.png in Resources */,
				6367D03018AD4A9700B60DF4 /* NewMessage.xib in Resources */,
				7313087718F570BC00243913 /* forward.pdf in Resources */,
				7313086C18F51AA900243913 /* inbox.pdf in Resources */,
				73202CFA18ED3BD500F0594B /* closedmail_16x16.png in Resources */,
				7360942D1896744D00E664B4 /* Images.xcassets in Resources */,
				73202D0218ED3F9100F0594B /* status.png in Resources */,
				7313087218F51FD800243913 /* folder.pdf in Resources */,
				6367D03218AD4A9700B60DF4 /* Settings.xib in Resources */,
				73AD529518A8EF1B00C3F1DB /* bullet.png in Resources */,
				734EC4C718F2C2EC00DD1B2A /* openedmail_margin_1024x1024.png in Resources */,
				6367D02E18AD4A9700B60DF4 /* MessageDetail.xib in Resources */,
				739ABA0418F2918800EBD5F8 /* MainMenu.xib in Resources */,
				7313086E18F51AA900243913 /* spam.pdf in Resources */,
				73202CF018ED33D500F0594B /* openedmail_256x256.png in Resources */,
				7313087018F51AA900243913 /* trash.pdf in Resources */,
				736094251896744D00E664B4 /* Credits.rtf in Resources */,
				73202CEE18ED33D500F0594B /* openedmail_64x64.png in Resources */,
				73202CFD18ED3BD500F0594B /* closedmail_128x128.png in Resources */,
				734EC4C318F2C2EC00DD1B2A /* openedmail_margin_64x64.png in Resources */,
				73202D0018ED3BD500F0594B /* closedmail_1024x1024.png in Resources */,
				734EC4C618F2C2EC00DD1B2A /* openedmail_margin_512x512.png in Resources */,
				732539B418E311EC00F21A17 /* menu.png in Resources */,
				73202CEF18ED33D500F0594B /* openedmail_128x128.png in Resources */,
				7313086F18F51AA900243913 /* starred.pdf in Resources */,
			);
			runOnlyForDeploymentPostprocessing = 0;
		};
		736094301896744D00E664B4 /* Resources */ = {
			isa = PBXResourcesBuildPhase;
			buildActionMask = 2147483647;
			files = (
				7360943D1896744D00E664B4 /* InfoPlist.strings in Resources */,
			);
			runOnlyForDeploymentPostprocessing = 0;
		};
/* End PBXResourcesBuildPhase section */

/* Begin PBXSourcesBuildPhase section */
		7360940D1896744D00E664B4 /* Sources */ = {
			isa = PBXSourcesBuildPhase;
			buildActionMask = 2147483647;
			files = (
				73298F4D18E1C16C00E05756 /* AttachmentItemViewController.m in Sources */,
				6367D01718AD457E00B60DF4 /* SearchFieldCell.m in Sources */,
				732F941E18E40B60008AC581 /* MessageHeaderView.m in Sources */,
				73298F4418E18FB500E05756 /* FormatView.m in Sources */,
				736094281896744D00E664B4 /* AppDelegate.m in Sources */,
				6367D02F18AD4A9700B60DF4 /* NewMessage.m in Sources */,
				6367D02D18AD4A9700B60DF4 /* MessageDetail.m in Sources */,
				7353903918DAFE3A00A070F2 /* Folder.m in Sources */,
				6367D03118AD4A9700B60DF4 /* Settings.m in Sources */,
				7374E1DA18E9400800741BE2 /* dateValueTransformer.m in Sources */,
				6367D02318AD4A4B00B60DF4 /* Message.m in Sources */,
				73298F4318E18FB500E05756 /* AttachmentView.m in Sources */,
				731FE27B18A3747E00715E68 /* ConnectionManager.m in Sources */,
				73298F4718E1A9E500E05756 /* Attachment.m in Sources */,
				7345876618E466C000B74D63 /* AccountsManager.m in Sources */,
				7374E1E318E9830F00741BE2 /* MessageRowView.m in Sources */,
				73298F4A18E1B89F00E05756 /* fileSizeTransformer.m in Sources */,
				6367D01618AD457E00B60DF4 /* SearchField.m in Sources */,
				6367D02218AD4A4B00B60DF4 /* Account.m in Sources */,
				736094211896744D00E664B4 /* main.m in Sources */,
				73202D0D18ED60D600F0594B /* MenuViewController.m in Sources */,
				7313087518F52D6800243913 /* FolderRowView.m in Sources */,
			);
			runOnlyForDeploymentPostprocessing = 0;
		};
		7360942E1896744D00E664B4 /* Sources */ = {
			isa = PBXSourcesBuildPhase;
			buildActionMask = 2147483647;
			files = (
				7360943F1896744D00E664B4 /* MailTests.m in Sources */,
			);
			runOnlyForDeploymentPostprocessing = 0;
		};
/* End PBXSourcesBuildPhase section */

/* Begin PBXTargetDependency section */
		736094371896744D00E664B4 /* PBXTargetDependency */ = {
			isa = PBXTargetDependency;
			target = 736094101896744D00E664B4 /* Mail */;
			targetProxy = 736094361896744D00E664B4 /* PBXContainerItemProxy */;
		};
		7360945E189674AE00E664B4 /* PBXTargetDependency */ = {
			isa = PBXTargetDependency;
			name = "mailcore osx";
			targetProxy = 7360945D189674AE00E664B4 /* PBXContainerItemProxy */;
		};
/* End PBXTargetDependency section */

/* Begin PBXVariantGroup section */
		7360941D1896744D00E664B4 /* InfoPlist.strings */ = {
			isa = PBXVariantGroup;
			children = (
				7360941E1896744D00E664B4 /* en */,
			);
			name = InfoPlist.strings;
			sourceTree = "<group>";
		};
		736094231896744D00E664B4 /* Credits.rtf */ = {
			isa = PBXVariantGroup;
			children = (
				736094241896744D00E664B4 /* en */,
			);
			name = Credits.rtf;
			sourceTree = "<group>";
		};
		7360943B1896744D00E664B4 /* InfoPlist.strings */ = {
			isa = PBXVariantGroup;
			children = (
				7360943C1896744D00E664B4 /* en */,
			);
			name = InfoPlist.strings;
			sourceTree = "<group>";
		};
/* End PBXVariantGroup section */

/* Begin XCBuildConfiguration section */
		736094401896744D00E664B4 /* Debug */ = {
			isa = XCBuildConfiguration;
			buildSettings = {
				ALWAYS_SEARCH_USER_PATHS = NO;
				CLANG_CXX_LANGUAGE_STANDARD = "gnu++0x";
				CLANG_CXX_LIBRARY = "libc++";
				CLANG_ENABLE_OBJC_ARC = YES;
				CLANG_WARN_BOOL_CONVERSION = YES;
				CLANG_WARN_CONSTANT_CONVERSION = YES;
				CLANG_WARN_DIRECT_OBJC_ISA_USAGE = YES_ERROR;
				CLANG_WARN_EMPTY_BODY = YES;
				CLANG_WARN_ENUM_CONVERSION = YES;
				CLANG_WARN_INT_CONVERSION = YES;
				CLANG_WARN_OBJC_ROOT_CLASS = YES_ERROR;
				CLANG_WARN__DUPLICATE_METHOD_MATCH = YES;
				COPY_PHASE_STRIP = NO;
				GCC_C_LANGUAGE_STANDARD = gnu99;
				GCC_DYNAMIC_NO_PIC = NO;
				GCC_ENABLE_OBJC_EXCEPTIONS = YES;
				GCC_OPTIMIZATION_LEVEL = 0;
				GCC_PREPROCESSOR_DEFINITIONS = (
					"DEBUG=1",
					"$(inherited)",
				);
				GCC_SYMBOLS_PRIVATE_EXTERN = NO;
				GCC_WARN_64_TO_32_BIT_CONVERSION = YES;
				GCC_WARN_ABOUT_RETURN_TYPE = YES_ERROR;
				GCC_WARN_UNDECLARED_SELECTOR = YES;
				GCC_WARN_UNINITIALIZED_AUTOS = YES;
				GCC_WARN_UNUSED_FUNCTION = YES;
				GCC_WARN_UNUSED_VARIABLE = YES;
				MACOSX_DEPLOYMENT_TARGET = 10.9;
				ONLY_ACTIVE_ARCH = YES;
				SDKROOT = macosx;
			};
			name = Debug;
		};
		736094411896744D00E664B4 /* Release */ = {
			isa = XCBuildConfiguration;
			buildSettings = {
				ALWAYS_SEARCH_USER_PATHS = NO;
				CLANG_CXX_LANGUAGE_STANDARD = "gnu++0x";
				CLANG_CXX_LIBRARY = "libc++";
				CLANG_ENABLE_OBJC_ARC = YES;
				CLANG_WARN_BOOL_CONVERSION = YES;
				CLANG_WARN_CONSTANT_CONVERSION = YES;
				CLANG_WARN_DIRECT_OBJC_ISA_USAGE = YES_ERROR;
				CLANG_WARN_EMPTY_BODY = YES;
				CLANG_WARN_ENUM_CONVERSION = YES;
				CLANG_WARN_INT_CONVERSION = YES;
				CLANG_WARN_OBJC_ROOT_CLASS = YES_ERROR;
				CLANG_WARN__DUPLICATE_METHOD_MATCH = YES;
				COPY_PHASE_STRIP = YES;
				DEBUG_INFORMATION_FORMAT = "dwarf-with-dsym";
				ENABLE_NS_ASSERTIONS = NO;
				GCC_C_LANGUAGE_STANDARD = gnu99;
				GCC_ENABLE_OBJC_EXCEPTIONS = YES;
				GCC_WARN_64_TO_32_BIT_CONVERSION = YES;
				GCC_WARN_ABOUT_RETURN_TYPE = YES_ERROR;
				GCC_WARN_UNDECLARED_SELECTOR = YES;
				GCC_WARN_UNINITIALIZED_AUTOS = YES;
				GCC_WARN_UNUSED_FUNCTION = YES;
				GCC_WARN_UNUSED_VARIABLE = YES;
				MACOSX_DEPLOYMENT_TARGET = 10.9;
				SDKROOT = macosx;
			};
			name = Release;
		};
		736094431896744D00E664B4 /* Debug */ = {
			isa = XCBuildConfiguration;
			buildSettings = {
				ASSETCATALOG_COMPILER_APPICON_NAME = AppIcon;
				COMBINE_HIDPI_IMAGES = YES;
				GCC_PRECOMPILE_PREFIX_HEADER = YES;
				GCC_PREFIX_HEADER = "Mail/Mail-Prefix.pch";
				INFOPLIST_FILE = "Mail/Mail-Info.plist";
				PRODUCT_NAME = "$(TARGET_NAME)";
				WRAPPER_EXTENSION = app;
			};
			name = Debug;
		};
		736094441896744D00E664B4 /* Release */ = {
			isa = XCBuildConfiguration;
			buildSettings = {
				ASSETCATALOG_COMPILER_APPICON_NAME = AppIcon;
				COMBINE_HIDPI_IMAGES = YES;
				GCC_PRECOMPILE_PREFIX_HEADER = YES;
				GCC_PREFIX_HEADER = "Mail/Mail-Prefix.pch";
				INFOPLIST_FILE = "Mail/Mail-Info.plist";
				PRODUCT_NAME = "$(TARGET_NAME)";
				WRAPPER_EXTENSION = app;
			};
			name = Release;
		};
		736094461896744D00E664B4 /* Debug */ = {
			isa = XCBuildConfiguration;
			buildSettings = {
				BUNDLE_LOADER = "$(BUILT_PRODUCTS_DIR)/Mail.app/Contents/MacOS/Mail";
				COMBINE_HIDPI_IMAGES = YES;
				FRAMEWORK_SEARCH_PATHS = (
					"$(DEVELOPER_FRAMEWORKS_DIR)",
					"$(inherited)",
				);
				GCC_PRECOMPILE_PREFIX_HEADER = YES;
				GCC_PREFIX_HEADER = "Mail/Mail-Prefix.pch";
				GCC_PREPROCESSOR_DEFINITIONS = (
					"DEBUG=1",
					"$(inherited)",
				);
				INFOPLIST_FILE = "MailTests/MailTests-Info.plist";
				PRODUCT_NAME = "$(TARGET_NAME)";
				TEST_HOST = "$(BUNDLE_LOADER)";
				WRAPPER_EXTENSION = xctest;
			};
			name = Debug;
		};
		736094471896744D00E664B4 /* Release */ = {
			isa = XCBuildConfiguration;
			buildSettings = {
				BUNDLE_LOADER = "$(BUILT_PRODUCTS_DIR)/Mail.app/Contents/MacOS/Mail";
				COMBINE_HIDPI_IMAGES = YES;
				FRAMEWORK_SEARCH_PATHS = (
					"$(DEVELOPER_FRAMEWORKS_DIR)",
					"$(inherited)",
				);
				GCC_PRECOMPILE_PREFIX_HEADER = YES;
				GCC_PREFIX_HEADER = "Mail/Mail-Prefix.pch";
				INFOPLIST_FILE = "MailTests/MailTests-Info.plist";
				PRODUCT_NAME = "$(TARGET_NAME)";
				TEST_HOST = "$(BUNDLE_LOADER)";
				WRAPPER_EXTENSION = xctest;
			};
			name = Release;
		};
/* End XCBuildConfiguration section */

/* Begin XCConfigurationList section */
		7360940C1896744D00E664B4 /* Build configuration list for PBXProject "Mail" */ = {
			isa = XCConfigurationList;
			buildConfigurations = (
				736094401896744D00E664B4 /* Debug */,
				736094411896744D00E664B4 /* Release */,
			);
			defaultConfigurationIsVisible = 0;
			defaultConfigurationName = Release;
		};
		736094421896744D00E664B4 /* Build configuration list for PBXNativeTarget "Mail" */ = {
			isa = XCConfigurationList;
			buildConfigurations = (
				736094431896744D00E664B4 /* Debug */,
				736094441896744D00E664B4 /* Release */,
			);
			defaultConfigurationIsVisible = 0;
			defaultConfigurationName = Release;
		};
		736094451896744D00E664B4 /* Build configuration list for PBXNativeTarget "MailTests" */ = {
			isa = XCConfigurationList;
			buildConfigurations = (
				736094461896744D00E664B4 /* Debug */,
				736094471896744D00E664B4 /* Release */,
			);
			defaultConfigurationIsVisible = 0;
			defaultConfigurationName = Release;
		};
/* End XCConfigurationList section */
	};
	rootObject = 736094091896744D00E664B4 /* Project object */;
}
