// !$*UTF8*$!
{
	archiveVersion = 1;
	classes = {
	};
	objectVersion = 46;
	objects = {

/* Begin PBXBuildFile section */
		6317C0D718A5419600479569 /* WebKit.framework in Frameworks */ = {isa = PBXBuildFile; fileRef = 6317C0D118A5414E00479569 /* WebKit.framework */; };
		6367D01618AD457E00B60DF4 /* SearchField.m in Sources */ = {isa = PBXBuildFile; fileRef = 6367D01318AD457E00B60DF4 /* SearchField.m */; };
		6367D01718AD457E00B60DF4 /* SearchFieldCell.m in Sources */ = {isa = PBXBuildFile; fileRef = 6367D01518AD457E00B60DF4 /* SearchFieldCell.m */; };
		6367D01D18AD479700B60DF4 /* search.png in Resources */ = {isa = PBXBuildFile; fileRef = 6367D01C18AD479700B60DF4 /* search.png */; };
		6367D02218AD4A4B00B60DF4 /* Account.m in Sources */ = {isa = PBXBuildFile; fileRef = 6367D01F18AD4A4B00B60DF4 /* Account.m */; };
		6367D02318AD4A4B00B60DF4 /* Message.m in Sources */ = {isa = PBXBuildFile; fileRef = 6367D02118AD4A4B00B60DF4 /* Message.m */; };
		6367D02D18AD4A9700B60DF4 /* MessageDetail.m in Sources */ = {isa = PBXBuildFile; fileRef = 6367D02518AD4A9700B60DF4 /* MessageDetail.m */; };
		6367D02E18AD4A9700B60DF4 /* MessageDetail.xib in Resources */ = {isa = PBXBuildFile; fileRef = 6367D02618AD4A9700B60DF4 /* MessageDetail.xib */; };
		6367D02F18AD4A9700B60DF4 /* NewMessage.m in Sources */ = {isa = PBXBuildFile; fileRef = 6367D02818AD4A9700B60DF4 /* NewMessage.m */; };
		6367D03018AD4A9700B60DF4 /* NewMessage.xib in Resources */ = {isa = PBXBuildFile; fileRef = 6367D02918AD4A9700B60DF4 /* NewMessage.xib */; };
		6367D03118AD4A9700B60DF4 /* Settings.m in Sources */ = {isa = PBXBuildFile; fileRef = 6367D02B18AD4A9700B60DF4 /* Settings.m */; };
		6367D03218AD4A9700B60DF4 /* Settings.xib in Resources */ = {isa = PBXBuildFile; fileRef = 6367D02C18AD4A9700B60DF4 /* Settings.xib */; };
		6367D03718AD4AC400B60DF4 /* AccountCellView.m in Sources */ = {isa = PBXBuildFile; fileRef = 6367D03418AD4AC400B60DF4 /* AccountCellView.m */; };
		6367D03818AD4AC400B60DF4 /* MessageCellView.m in Sources */ = {isa = PBXBuildFile; fileRef = 6367D03618AD4AC400B60DF4 /* MessageCellView.m */; };
		63D7CCB518A97A9A002B7A90 /* openedmail_64.png in Resources */ = {isa = PBXBuildFile; fileRef = 63D7CCB018A97A9A002B7A90 /* openedmail_64.png */; };
		63D7CCB618A97A9A002B7A90 /* openedmail_128.png in Resources */ = {isa = PBXBuildFile; fileRef = 63D7CCB118A97A9A002B7A90 /* openedmail_128.png */; };
		63D7CCB718A97A9A002B7A90 /* openedmail_256.png in Resources */ = {isa = PBXBuildFile; fileRef = 63D7CCB218A97A9A002B7A90 /* openedmail_256.png */; };
		63D7CCB818A97A9A002B7A90 /* openedmail_512.png in Resources */ = {isa = PBXBuildFile; fileRef = 63D7CCB318A97A9A002B7A90 /* openedmail_512.png */; };
		63D7CCB918A97A9A002B7A90 /* openedmail_1024.png in Resources */ = {isa = PBXBuildFile; fileRef = 63D7CCB418A97A9A002B7A90 /* openedmail_1024.png */; };
		63D7CCBC18A97B73002B7A90 /* openedmail_16.png in Resources */ = {isa = PBXBuildFile; fileRef = 63D7CCBA18A97B73002B7A90 /* openedmail_16.png */; };
		63D7CCBD18A97B73002B7A90 /* openedmail_32.png in Resources */ = {isa = PBXBuildFile; fileRef = 63D7CCBB18A97B73002B7A90 /* openedmail_32.png */; };
		63D7CCC118A98091002B7A90 /* closedmail_64_black.png in Resources */ = {isa = PBXBuildFile; fileRef = 63D7CCC018A98091002B7A90 /* closedmail_64_black.png */; };
		731FE27B18A3747E00715E68 /* ConnectionManager.m in Sources */ = {isa = PBXBuildFile; fileRef = 731FE27A18A3747E00715E68 /* ConnectionManager.m */; };
		736094151896744D00E664B4 /* Cocoa.framework in Frameworks */ = {isa = PBXBuildFile; fileRef = 736094141896744D00E664B4 /* Cocoa.framework */; };
		7360941F1896744D00E664B4 /* InfoPlist.strings in Resources */ = {isa = PBXBuildFile; fileRef = 7360941D1896744D00E664B4 /* InfoPlist.strings */; };
		736094211896744D00E664B4 /* main.m in Sources */ = {isa = PBXBuildFile; fileRef = 736094201896744D00E664B4 /* main.m */; };
		736094251896744D00E664B4 /* Credits.rtf in Resources */ = {isa = PBXBuildFile; fileRef = 736094231896744D00E664B4 /* Credits.rtf */; };
		736094281896744D00E664B4 /* AppDelegate.m in Sources */ = {isa = PBXBuildFile; fileRef = 736094271896744D00E664B4 /* AppDelegate.m */; };
		7360942B1896744D00E664B4 /* MainMenu.xib in Resources */ = {isa = PBXBuildFile; fileRef = 736094291896744D00E664B4 /* MainMenu.xib */; };
		7360942D1896744D00E664B4 /* Images.xcassets in Resources */ = {isa = PBXBuildFile; fileRef = 7360942C1896744D00E664B4 /* Images.xcassets */; };
		736094341896744D00E664B4 /* XCTest.framework in Frameworks */ = {isa = PBXBuildFile; fileRef = 736094331896744D00E664B4 /* XCTest.framework */; };
		736094351896744D00E664B4 /* Cocoa.framework in Frameworks */ = {isa = PBXBuildFile; fileRef = 736094141896744D00E664B4 /* Cocoa.framework */; };
		7360943D1896744D00E664B4 /* InfoPlist.strings in Resources */ = {isa = PBXBuildFile; fileRef = 7360943B1896744D00E664B4 /* InfoPlist.strings */; };
		7360943F1896744D00E664B4 /* MailTests.m in Sources */ = {isa = PBXBuildFile; fileRef = 7360943E1896744D00E664B4 /* MailTests.m */; };
		7360945B1896749D00E664B4 /* Security.framework in Frameworks */ = {isa = PBXBuildFile; fileRef = 7360945A1896749D00E664B4 /* Security.framework */; };
		7360945C189674A600E664B4 /* MailCore.framework in Frameworks */ = {isa = PBXBuildFile; fileRef = 736094591896746100E664B4 /* MailCore.framework */; };
		7361F1FA189A4DC700E90F33 /* TableView.m in Sources */ = {isa = PBXBuildFile; fileRef = 7361F1F9189A4DC700E90F33 /* TableView.m */; };
		73AD529418A8EF1B00C3F1DB /* attachment.png in Resources */ = {isa = PBXBuildFile; fileRef = 73AD529218A8EF1B00C3F1DB /* attachment.png */; };
		73AD529518A8EF1B00C3F1DB /* bullet.png in Resources */ = {isa = PBXBuildFile; fileRef = 73AD529318A8EF1B00C3F1DB /* bullet.png */; };
		73AD529B18A8F46700C3F1DB /* reply.png in Resources */ = {isa = PBXBuildFile; fileRef = 73AD529A18A8F46700C3F1DB /* reply.png */; };
		73AD529D18A8F8B900C3F1DB /* forward.png in Resources */ = {isa = PBXBuildFile; fileRef = 73AD529C18A8F8B900C3F1DB /* forward.png */; };
/* End PBXBuildFile section */

/* Begin PBXContainerItemProxy section */
		736094361896744D00E664B4 /* PBXContainerItemProxy */ = {
			isa = PBXContainerItemProxy;
			containerPortal = 736094091896744D00E664B4 /* Project object */;
			proxyType = 1;
			remoteGlobalIDString = 736094101896744D00E664B4;
			remoteInfo = Mail;
		};
		736094501896746100E664B4 /* PBXContainerItemProxy */ = {
			isa = PBXContainerItemProxy;
			containerPortal = 736094481896746100E664B4 /* mailcore2.xcodeproj */;
			proxyType = 2;
			remoteGlobalIDString = C64EA537169E772200778456;
			remoteInfo = "static mailcore2 osx";
		};
		736094521896746100E664B4 /* PBXContainerItemProxy */ = {
			isa = PBXContainerItemProxy;
			containerPortal = 736094481896746100E664B4 /* mailcore2.xcodeproj */;
			proxyType = 2;
			remoteGlobalIDString = C6BA2C191705F4E6003F0E9E;
			remoteInfo = "static mailcore2 ios";
		};
		736094541896746100E664B4 /* PBXContainerItemProxy */ = {
			isa = PBXContainerItemProxy;
			containerPortal = 736094481896746100E664B4 /* mailcore2.xcodeproj */;
			proxyType = 2;
			remoteGlobalIDString = C64EA78C169F259200778456;
			remoteInfo = tests;
		};
		736094561896746100E664B4 /* PBXContainerItemProxy */ = {
			isa = PBXContainerItemProxy;
			containerPortal = 736094481896746100E664B4 /* mailcore2.xcodeproj */;
			proxyType = 2;
			remoteGlobalIDString = C6A81B911706840C00882C15;
			remoteInfo = "test-ios";
		};
		736094581896746100E664B4 /* PBXContainerItemProxy */ = {
			isa = PBXContainerItemProxy;
			containerPortal = 736094481896746100E664B4 /* mailcore2.xcodeproj */;
			proxyType = 2;
			remoteGlobalIDString = C6BD288D170BD71100A91AC1;
			remoteInfo = "mailcore osx";
		};
		7360945D189674AE00E664B4 /* PBXContainerItemProxy */ = {
			isa = PBXContainerItemProxy;
			containerPortal = 736094481896746100E664B4 /* mailcore2.xcodeproj */;
			proxyType = 1;
			remoteGlobalIDString = C6BD288C170BD71100A91AC1;
			remoteInfo = "mailcore osx";
		};
/* End PBXContainerItemProxy section */

/* Begin PBXFileReference section */
		6317C0D118A5414E00479569 /* WebKit.framework */ = {isa = PBXFileReference; lastKnownFileType = wrapper.framework; name = WebKit.framework; path = System/Library/Frameworks/WebKit.framework; sourceTree = SDKROOT; };
		6367D01218AD457E00B60DF4 /* SearchField.h */ = {isa = PBXFileReference; fileEncoding = 4; lastKnownFileType = sourcecode.c.h; name = SearchField.h; path = Views/SearchField.h; sourceTree = "<group>"; };
		6367D01318AD457E00B60DF4 /* SearchField.m */ = {isa = PBXFileReference; fileEncoding = 4; lastKnownFileType = sourcecode.c.objc; name = SearchField.m; path = Views/SearchField.m; sourceTree = "<group>"; };
		6367D01418AD457E00B60DF4 /* SearchFieldCell.h */ = {isa = PBXFileReference; fileEncoding = 4; lastKnownFileType = sourcecode.c.h; name = SearchFieldCell.h; path = Views/SearchFieldCell.h; sourceTree = "<group>"; };
		6367D01518AD457E00B60DF4 /* SearchFieldCell.m */ = {isa = PBXFileReference; fileEncoding = 4; lastKnownFileType = sourcecode.c.objc; name = SearchFieldCell.m; path = Views/SearchFieldCell.m; sourceTree = "<group>"; };
		6367D01C18AD479700B60DF4 /* search.png */ = {isa = PBXFileReference; lastKnownFileType = image.png; name = search.png; path = Resources/search.png; sourceTree = "<group>"; };
		6367D01E18AD4A4B00B60DF4 /* Account.h */ = {isa = PBXFileReference; fileEncoding = 4; lastKnownFileType = sourcecode.c.h; name = Account.h; path = Models/Account.h; sourceTree = "<group>"; };
		6367D01F18AD4A4B00B60DF4 /* Account.m */ = {isa = PBXFileReference; fileEncoding = 4; lastKnownFileType = sourcecode.c.objc; name = Account.m; path = Models/Account.m; sourceTree = "<group>"; };
		6367D02018AD4A4B00B60DF4 /* Message.h */ = {isa = PBXFileReference; fileEncoding = 4; lastKnownFileType = sourcecode.c.h; name = Message.h; path = Models/Message.h; sourceTree = "<group>"; };
		6367D02118AD4A4B00B60DF4 /* Message.m */ = {isa = PBXFileReference; fileEncoding = 4; lastKnownFileType = sourcecode.c.objc; name = Message.m; path = Models/Message.m; sourceTree = "<group>"; };
		6367D02418AD4A9700B60DF4 /* MessageDetail.h */ = {isa = PBXFileReference; fileEncoding = 4; lastKnownFileType = sourcecode.c.h; name = MessageDetail.h; path = Controllers/MessageDetail.h; sourceTree = "<group>"; };
		6367D02518AD4A9700B60DF4 /* MessageDetail.m */ = {isa = PBXFileReference; fileEncoding = 4; lastKnownFileType = sourcecode.c.objc; name = MessageDetail.m; path = Controllers/MessageDetail.m; sourceTree = "<group>"; };
		6367D02618AD4A9700B60DF4 /* MessageDetail.xib */ = {isa = PBXFileReference; fileEncoding = 4; lastKnownFileType = file.xib; name = MessageDetail.xib; path = Controllers/MessageDetail.xib; sourceTree = "<group>"; };
		6367D02718AD4A9700B60DF4 /* NewMessage.h */ = {isa = PBXFileReference; fileEncoding = 4; lastKnownFileType = sourcecode.c.h; name = NewMessage.h; path = Controllers/NewMessage.h; sourceTree = "<group>"; };
		6367D02818AD4A9700B60DF4 /* NewMessage.m */ = {isa = PBXFileReference; fileEncoding = 4; lastKnownFileType = sourcecode.c.objc; name = NewMessage.m; path = Controllers/NewMessage.m; sourceTree = "<group>"; };
		6367D02918AD4A9700B60DF4 /* NewMessage.xib */ = {isa = PBXFileReference; fileEncoding = 4; lastKnownFileType = file.xib; name = NewMessage.xib; path = Controllers/NewMessage.xib; sourceTree = "<group>"; };
		6367D02A18AD4A9700B60DF4 /* Settings.h */ = {isa = PBXFileReference; fileEncoding = 4; lastKnownFileType = sourcecode.c.h; name = Settings.h; path = Controllers/Settings.h; sourceTree = "<group>"; };
		6367D02B18AD4A9700B60DF4 /* Settings.m */ = {isa = PBXFileReference; fileEncoding = 4; lastKnownFileType = sourcecode.c.objc; name = Settings.m; path = Controllers/Settings.m; sourceTree = "<group>"; };
		6367D02C18AD4A9700B60DF4 /* Settings.xib */ = {isa = PBXFileReference; fileEncoding = 4; lastKnownFileType = file.xib; name = Settings.xib; path = Controllers/Settings.xib; sourceTree = "<group>"; };
		6367D03318AD4AC400B60DF4 /* AccountCellView.h */ = {isa = PBXFileReference; fileEncoding = 4; lastKnownFileType = sourcecode.c.h; name = AccountCellView.h; path = Views/AccountCellView.h; sourceTree = "<group>"; };
		6367D03418AD4AC400B60DF4 /* AccountCellView.m */ = {isa = PBXFileReference; fileEncoding = 4; lastKnownFileType = sourcecode.c.objc; name = AccountCellView.m; path = Views/AccountCellView.m; sourceTree = "<group>"; };
		6367D03518AD4AC400B60DF4 /* MessageCellView.h */ = {isa = PBXFileReference; fileEncoding = 4; lastKnownFileType = sourcecode.c.h; name = MessageCellView.h; path = Views/MessageCellView.h; sourceTree = "<group>"; };
		6367D03618AD4AC400B60DF4 /* MessageCellView.m */ = {isa = PBXFileReference; fileEncoding = 4; lastKnownFileType = sourcecode.c.objc; name = MessageCellView.m; path = Views/MessageCellView.m; sourceTree = "<group>"; };
		63D7CCB018A97A9A002B7A90 /* openedmail_64.png */ = {isa = PBXFileReference; lastKnownFileType = image.png; name = openedmail_64.png; path = Resources/logo/openedmail_64.png; sourceTree = "<group>"; };
		63D7CCB118A97A9A002B7A90 /* openedmail_128.png */ = {isa = PBXFileReference; lastKnownFileType = image.png; name = openedmail_128.png; path = Resources/logo/openedmail_128.png; sourceTree = "<group>"; };
		63D7CCB218A97A9A002B7A90 /* openedmail_256.png */ = {isa = PBXFileReference; lastKnownFileType = image.png; name = openedmail_256.png; path = Resources/logo/openedmail_256.png; sourceTree = "<group>"; };
		63D7CCB318A97A9A002B7A90 /* openedmail_512.png */ = {isa = PBXFileReference; lastKnownFileType = image.png; name = openedmail_512.png; path = Resources/logo/openedmail_512.png; sourceTree = "<group>"; };
		63D7CCB418A97A9A002B7A90 /* openedmail_1024.png */ = {isa = PBXFileReference; lastKnownFileType = image.png; name = openedmail_1024.png; path = Resources/logo/openedmail_1024.png; sourceTree = "<group>"; };
		63D7CCBA18A97B73002B7A90 /* openedmail_16.png */ = {isa = PBXFileReference; lastKnownFileType = image.png; name = openedmail_16.png; path = Resources/logo/openedmail_16.png; sourceTree = "<group>"; };
		63D7CCBB18A97B73002B7A90 /* openedmail_32.png */ = {isa = PBXFileReference; lastKnownFileType = image.png; name = openedmail_32.png; path = Resources/logo/openedmail_32.png; sourceTree = "<group>"; };
		63D7CCC018A98091002B7A90 /* closedmail_64_black.png */ = {isa = PBXFileReference; lastKnownFileType = image.png; name = closedmail_64_black.png; path = Resources/logo/closedmail_64_black.png; sourceTree = "<group>"; };
		731FE27918A3747E00715E68 /* ConnectionManager.h */ = {isa = PBXFileReference; fileEncoding = 4; lastKnownFileType = sourcecode.c.h; path = ConnectionManager.h; sourceTree = "<group>"; };
		731FE27A18A3747E00715E68 /* ConnectionManager.m */ = {isa = PBXFileReference; fileEncoding = 4; lastKnownFileType = sourcecode.c.objc; path = ConnectionManager.m; sourceTree = "<group>"; };
		736094111896744D00E664B4 /* Mail.app */ = {isa = PBXFileReference; explicitFileType = wrapper.application; includeInIndex = 0; path = Mail.app; sourceTree = BUILT_PRODUCTS_DIR; };
		736094141896744D00E664B4 /* Cocoa.framework */ = {isa = PBXFileReference; lastKnownFileType = wrapper.framework; name = Cocoa.framework; path = System/Library/Frameworks/Cocoa.framework; sourceTree = SDKROOT; };
		736094171896744D00E664B4 /* AppKit.framework */ = {isa = PBXFileReference; lastKnownFileType = wrapper.framework; name = AppKit.framework; path = System/Library/Frameworks/AppKit.framework; sourceTree = SDKROOT; };
		736094181896744D00E664B4 /* CoreData.framework */ = {isa = PBXFileReference; lastKnownFileType = wrapper.framework; name = CoreData.framework; path = System/Library/Frameworks/CoreData.framework; sourceTree = SDKROOT; };
		736094191896744D00E664B4 /* Foundation.framework */ = {isa = PBXFileReference; lastKnownFileType = wrapper.framework; name = Foundation.framework; path = System/Library/Frameworks/Foundation.framework; sourceTree = SDKROOT; };
		7360941C1896744D00E664B4 /* Mail-Info.plist */ = {isa = PBXFileReference; lastKnownFileType = text.plist.xml; path = "Mail-Info.plist"; sourceTree = "<group>"; };
		7360941E1896744D00E664B4 /* en */ = {isa = PBXFileReference; lastKnownFileType = text.plist.strings; name = en; path = en.lproj/InfoPlist.strings; sourceTree = "<group>"; };
		736094201896744D00E664B4 /* main.m */ = {isa = PBXFileReference; lastKnownFileType = sourcecode.c.objc; path = main.m; sourceTree = "<group>"; };
		736094221896744D00E664B4 /* Mail-Prefix.pch */ = {isa = PBXFileReference; lastKnownFileType = sourcecode.c.h; path = "Mail-Prefix.pch"; sourceTree = "<group>"; };
		736094241896744D00E664B4 /* en */ = {isa = PBXFileReference; lastKnownFileType = text.rtf; name = en; path = en.lproj/Credits.rtf; sourceTree = "<group>"; };
		736094261896744D00E664B4 /* AppDelegate.h */ = {isa = PBXFileReference; lastKnownFileType = sourcecode.c.h; path = AppDelegate.h; sourceTree = "<group>"; };
		736094271896744D00E664B4 /* AppDelegate.m */ = {isa = PBXFileReference; lastKnownFileType = sourcecode.c.objc; path = AppDelegate.m; sourceTree = "<group>"; };
		7360942A1896744D00E664B4 /* Base */ = {isa = PBXFileReference; lastKnownFileType = file.xib; name = Base; path = Base.lproj/MainMenu.xib; sourceTree = "<group>"; };
		7360942C1896744D00E664B4 /* Images.xcassets */ = {isa = PBXFileReference; lastKnownFileType = folder.assetcatalog; path = Images.xcassets; sourceTree = "<group>"; };
		736094321896744D00E664B4 /* MailTests.xctest */ = {isa = PBXFileReference; explicitFileType = wrapper.cfbundle; includeInIndex = 0; path = MailTests.xctest; sourceTree = BUILT_PRODUCTS_DIR; };
		736094331896744D00E664B4 /* XCTest.framework */ = {isa = PBXFileReference; lastKnownFileType = wrapper.framework; name = XCTest.framework; path = Library/Frameworks/XCTest.framework; sourceTree = DEVELOPER_DIR; };
		7360943A1896744D00E664B4 /* MailTests-Info.plist */ = {isa = PBXFileReference; lastKnownFileType = text.plist.xml; path = "MailTests-Info.plist"; sourceTree = "<group>"; };
		7360943C1896744D00E664B4 /* en */ = {isa = PBXFileReference; lastKnownFileType = text.plist.strings; name = en; path = en.lproj/InfoPlist.strings; sourceTree = "<group>"; };
		7360943E1896744D00E664B4 /* MailTests.m */ = {isa = PBXFileReference; lastKnownFileType = sourcecode.c.objc; path = MailTests.m; sourceTree = "<group>"; };
		736094481896746100E664B4 /* mailcore2.xcodeproj */ = {isa = PBXFileReference; lastKnownFileType = "wrapper.pb-project"; name = mailcore2.xcodeproj; path = "../../mailcore2/build-mac/mailcore2.xcodeproj"; sourceTree = "<group>"; };
		7360945A1896749D00E664B4 /* Security.framework */ = {isa = PBXFileReference; lastKnownFileType = wrapper.framework; name = Security.framework; path = System/Library/Frameworks/Security.framework; sourceTree = SDKROOT; };
		7361F1F8189A4DC700E90F33 /* TableView.h */ = {isa = PBXFileReference; fileEncoding = 4; lastKnownFileType = sourcecode.c.h; name = TableView.h; path = ../TableView.h; sourceTree = "<group>"; };
		7361F1F9189A4DC700E90F33 /* TableView.m */ = {isa = PBXFileReference; fileEncoding = 4; lastKnownFileType = sourcecode.c.objc; name = TableView.m; path = ../TableView.m; sourceTree = "<group>"; };
		73AD529218A8EF1B00C3F1DB /* attachment.png */ = {isa = PBXFileReference; lastKnownFileType = image.png; name = attachment.png; path = Resources/attachment.png; sourceTree = "<group>"; };
		73AD529318A8EF1B00C3F1DB /* bullet.png */ = {isa = PBXFileReference; lastKnownFileType = image.png; name = bullet.png; path = Resources/bullet.png; sourceTree = "<group>"; };
		73AD529A18A8F46700C3F1DB /* reply.png */ = {isa = PBXFileReference; lastKnownFileType = image.png; name = reply.png; path = Resources/reply.png; sourceTree = "<group>"; };
		73AD529C18A8F8B900C3F1DB /* forward.png */ = {isa = PBXFileReference; lastKnownFileType = image.png; name = forward.png; path = Resources/forward.png; sourceTree = "<group>"; };
/* End PBXFileReference section */

/* Begin PBXFrameworksBuildPhase section */
		7360940E1896744D00E664B4 /* Frameworks */ = {
			isa = PBXFrameworksBuildPhase;
			buildActionMask = 2147483647;
			files = (
				6317C0D718A5419600479569 /* WebKit.framework in Frameworks */,
				7360945C189674A600E664B4 /* MailCore.framework in Frameworks */,
				7360945B1896749D00E664B4 /* Security.framework in Frameworks */,
				736094151896744D00E664B4 /* Cocoa.framework in Frameworks */,
			);
			runOnlyForDeploymentPostprocessing = 0;
		};
		7360942F1896744D00E664B4 /* Frameworks */ = {
			isa = PBXFrameworksBuildPhase;
			buildActionMask = 2147483647;
			files = (
				736094351896744D00E664B4 /* Cocoa.framework in Frameworks */,
				736094341896744D00E664B4 /* XCTest.framework in Frameworks */,
			);
			runOnlyForDeploymentPostprocessing = 0;
		};
/* End PBXFrameworksBuildPhase section */

/* Begin PBXGroup section */
		6317C0E418A54BA900479569 /* Resources */ = {
			isa = PBXGroup;
			children = (
				73AD529218A8EF1B00C3F1DB /* attachment.png */,
				73AD529318A8EF1B00C3F1DB /* bullet.png */,
				73AD529A18A8F46700C3F1DB /* reply.png */,
				73AD529C18A8F8B900C3F1DB /* forward.png */,
				6367D01C18AD479700B60DF4 /* search.png */,
				63F90CB218A69083005295CF /* logo */,
			);
			name = Resources;
			path = ..;
			sourceTree = "<group>";
		};
		63D7CCBE18A97BC1002B7A90 /* opened */ = {
			isa = PBXGroup;
			children = (
				63D7CCBA18A97B73002B7A90 /* openedmail_16.png */,
				63D7CCBB18A97B73002B7A90 /* openedmail_32.png */,
				63D7CCB018A97A9A002B7A90 /* openedmail_64.png */,
				63D7CCB118A97A9A002B7A90 /* openedmail_128.png */,
				63D7CCB218A97A9A002B7A90 /* openedmail_256.png */,
				63D7CCB318A97A9A002B7A90 /* openedmail_512.png */,
				63D7CCB418A97A9A002B7A90 /* openedmail_1024.png */,
			);
			name = opened;
			sourceTree = "<group>";
		};
		63D7CCC618A98095002B7A90 /* closed */ = {
			isa = PBXGroup;
			children = (
				63D7CCC018A98091002B7A90 /* closedmail_64_black.png */,
			);
			name = closed;
			sourceTree = "<group>";
		};
		63E3398F18A3F99900B42F23 /* Controllers */ = {
			isa = PBXGroup;
			children = (
				736094261896744D00E664B4 /* AppDelegate.h */,
				736094271896744D00E664B4 /* AppDelegate.m */,
				736094291896744D00E664B4 /* MainMenu.xib */,
				6367D02418AD4A9700B60DF4 /* MessageDetail.h */,
				6367D02518AD4A9700B60DF4 /* MessageDetail.m */,
				6367D02618AD4A9700B60DF4 /* MessageDetail.xib */,
				6367D02718AD4A9700B60DF4 /* NewMessage.h */,
				6367D02818AD4A9700B60DF4 /* NewMessage.m */,
				6367D02918AD4A9700B60DF4 /* NewMessage.xib */,
				6367D02A18AD4A9700B60DF4 /* Settings.h */,
				6367D02B18AD4A9700B60DF4 /* Settings.m */,
				6367D02C18AD4A9700B60DF4 /* Settings.xib */,
			);
			name = Controllers;
			sourceTree = "<group>";
		};
		63F90CB218A69083005295CF /* logo */ = {
			isa = PBXGroup;
			children = (
				63D7CCC618A98095002B7A90 /* closed */,
				63D7CCBE18A97BC1002B7A90 /* opened */,
			);
			name = logo;
			sourceTree = "<group>";
		};
		731FE27418A36BDF00715E68 /* Views */ = {
			isa = PBXGroup;
			children = (
				6367D01218AD457E00B60DF4 /* SearchField.h */,
				6367D01318AD457E00B60DF4 /* SearchField.m */,
				6367D01418AD457E00B60DF4 /* SearchFieldCell.h */,
				6367D01518AD457E00B60DF4 /* SearchFieldCell.m */,
				7361F1F8189A4DC700E90F33 /* TableView.h */,
				7361F1F9189A4DC700E90F33 /* TableView.m */,
				6367D03318AD4AC400B60DF4 /* AccountCellView.h */,
				6367D03418AD4AC400B60DF4 /* AccountCellView.m */,
				6367D03518AD4AC400B60DF4 /* MessageCellView.h */,
				6367D03618AD4AC400B60DF4 /* MessageCellView.m */,
			);
			name = Views;
			sourceTree = "<group>";
		};
		731FE27518A371B700715E68 /* Models */ = {
			isa = PBXGroup;
			children = (
				6367D01E18AD4A4B00B60DF4 /* Account.h */,
				6367D01F18AD4A4B00B60DF4 /* Account.m */,
				6367D02018AD4A4B00B60DF4 /* Message.h */,
				6367D02118AD4A4B00B60DF4 /* Message.m */,
			);
			name = Models;
			sourceTree = "<group>";
		};
		736094081896744D00E664B4 = {
			isa = PBXGroup;
			children = (
				736094481896746100E664B4 /* mailcore2.xcodeproj */,
				7360941A1896744D00E664B4 /* Mail */,
				736094381896744D00E664B4 /* MailTests */,
				736094131896744D00E664B4 /* Frameworks */,
				736094121896744D00E664B4 /* Products */,
			);
			sourceTree = "<group>";
		};
		736094121896744D00E664B4 /* Products */ = {
			isa = PBXGroup;
			children = (
				736094111896744D00E664B4 /* Mail.app */,
				736094321896744D00E664B4 /* MailTests.xctest */,
			);
			name = Products;
			sourceTree = "<group>";
		};
		736094131896744D00E664B4 /* Frameworks */ = {
			isa = PBXGroup;
			children = (
				6317C0D118A5414E00479569 /* WebKit.framework */,
				7360945A1896749D00E664B4 /* Security.framework */,
				736094141896744D00E664B4 /* Cocoa.framework */,
				736094331896744D00E664B4 /* XCTest.framework */,
				736094161896744D00E664B4 /* Other Frameworks */,
			);
			name = Frameworks;
			sourceTree = "<group>";
		};
		736094161896744D00E664B4 /* Other Frameworks */ = {
			isa = PBXGroup;
			children = (
				736094171896744D00E664B4 /* AppKit.framework */,
				736094181896744D00E664B4 /* CoreData.framework */,
				736094191896744D00E664B4 /* Foundation.framework */,
			);
			name = "Other Frameworks";
			sourceTree = "<group>";
		};
		7360941A1896744D00E664B4 /* Mail */ = {
			isa = PBXGroup;
			children = (
				63E3398F18A3F99900B42F23 /* Controllers */,
				731FE27518A371B700715E68 /* Models */,
				731FE27418A36BDF00715E68 /* Views */,
				731FE27918A3747E00715E68 /* ConnectionManager.h */,
				731FE27A18A3747E00715E68 /* ConnectionManager.m */,
				6317C0E418A54BA900479569 /* Resources */,
				7360942C1896744D00E664B4 /* Images.xcassets */,
				7360941B1896744D00E664B4 /* Supporting Files */,
			);
			path = Mail;
			sourceTree = "<group>";
		};
		7360941B1896744D00E664B4 /* Supporting Files */ = {
			isa = PBXGroup;
			children = (
				7360941C1896744D00E664B4 /* Mail-Info.plist */,
				7360941D1896744D00E664B4 /* InfoPlist.strings */,
				736094201896744D00E664B4 /* main.m */,
				736094221896744D00E664B4 /* Mail-Prefix.pch */,
				736094231896744D00E664B4 /* Credits.rtf */,
			);
			name = "Supporting Files";
			sourceTree = "<group>";
		};
		736094381896744D00E664B4 /* MailTests */ = {
			isa = PBXGroup;
			children = (
				7360943E1896744D00E664B4 /* MailTests.m */,
				736094391896744D00E664B4 /* Supporting Files */,
			);
			path = MailTests;
			sourceTree = "<group>";
		};
		736094391896744D00E664B4 /* Supporting Files */ = {
			isa = PBXGroup;
			children = (
				7360943A1896744D00E664B4 /* MailTests-Info.plist */,
				7360943B1896744D00E664B4 /* InfoPlist.strings */,
			);
			name = "Supporting Files";
			sourceTree = "<group>";
		};
		736094491896746100E664B4 /* Products */ = {
			isa = PBXGroup;
			children = (
				736094511896746100E664B4 /* libMailCore.a */,
				736094531896746100E664B4 /* libMailCore-ios.a */,
				736094551896746100E664B4 /* tests */,
				736094571896746100E664B4 /* test-ios.app */,
				736094591896746100E664B4 /* MailCore.framework */,
			);
			name = Products;
			sourceTree = "<group>";
		};
/* End PBXGroup section */

/* Begin PBXNativeTarget section */
		736094101896744D00E664B4 /* Mail */ = {
			isa = PBXNativeTarget;
			buildConfigurationList = 736094421896744D00E664B4 /* Build configuration list for PBXNativeTarget "Mail" */;
			buildPhases = (
				7360940D1896744D00E664B4 /* Sources */,
				7360940E1896744D00E664B4 /* Frameworks */,
				7360940F1896744D00E664B4 /* Resources */,
			);
			buildRules = (
			);
			dependencies = (
				7360945E189674AE00E664B4 /* PBXTargetDependency */,
			);
			name = Mail;
			productName = Mail;
			productReference = 736094111896744D00E664B4 /* Mail.app */;
			productType = "com.apple.product-type.application";
		};
		736094311896744D00E664B4 /* MailTests */ = {
			isa = PBXNativeTarget;
			buildConfigurationList = 736094451896744D00E664B4 /* Build configuration list for PBXNativeTarget "MailTests" */;
			buildPhases = (
				7360942E1896744D00E664B4 /* Sources */,
				7360942F1896744D00E664B4 /* Frameworks */,
				736094301896744D00E664B4 /* Resources */,
			);
			buildRules = (
			);
			dependencies = (
				736094371896744D00E664B4 /* PBXTargetDependency */,
			);
			name = MailTests;
			productName = MailTests;
			productReference = 736094321896744D00E664B4 /* MailTests.xctest */;
			productType = "com.apple.product-type.bundle.unit-test";
		};
/* End PBXNativeTarget section */

/* Begin PBXProject section */
		736094091896744D00E664B4 /* Project object */ = {
			isa = PBXProject;
			attributes = {
				LastUpgradeCheck = 0500;
				ORGANIZATIONNAME = Informatique;
				TargetAttributes = {
					736094311896744D00E664B4 = {
						TestTargetID = 736094101896744D00E664B4;
					};
				};
			};
			buildConfigurationList = 7360940C1896744D00E664B4 /* Build configuration list for PBXProject "Mail" */;
			compatibilityVersion = "Xcode 3.2";
			developmentRegion = English;
			hasScannedForEncodings = 0;
			knownRegions = (
				en,
				Base,
			);
			mainGroup = 736094081896744D00E664B4;
			productRefGroup = 736094121896744D00E664B4 /* Products */;
			projectDirPath = "";
			projectReferences = (
				{
					ProductGroup = 736094491896746100E664B4 /* Products */;
					ProjectRef = 736094481896746100E664B4 /* mailcore2.xcodeproj */;
				},
			);
			projectRoot = "";
			targets = (
				736094101896744D00E664B4 /* Mail */,
				736094311896744D00E664B4 /* MailTests */,
			);
		};
/* End PBXProject section */

/* Begin PBXReferenceProxy section */
		736094511896746100E664B4 /* libMailCore.a */ = {
			isa = PBXReferenceProxy;
			fileType = archive.ar;
			path = libMailCore.a;
			remoteRef = 736094501896746100E664B4 /* PBXContainerItemProxy */;
			sourceTree = BUILT_PRODUCTS_DIR;
		};
		736094531896746100E664B4 /* libMailCore-ios.a */ = {
			isa = PBXReferenceProxy;
			fileType = archive.ar;
			path = "libMailCore-ios.a";
			remoteRef = 736094521896746100E664B4 /* PBXContainerItemProxy */;
			sourceTree = BUILT_PRODUCTS_DIR;
		};
		736094551896746100E664B4 /* tests */ = {
			isa = PBXReferenceProxy;
			fileType = "compiled.mach-o.executable";
			path = tests;
			remoteRef = 736094541896746100E664B4 /* PBXContainerItemProxy */;
			sourceTree = BUILT_PRODUCTS_DIR;
		};
		736094571896746100E664B4 /* test-ios.app */ = {
			isa = PBXReferenceProxy;
			fileType = wrapper.application;
			path = "test-ios.app";
			remoteRef = 736094561896746100E664B4 /* PBXContainerItemProxy */;
			sourceTree = BUILT_PRODUCTS_DIR;
		};
		736094591896746100E664B4 /* MailCore.framework */ = {
			isa = PBXReferenceProxy;
			fileType = wrapper.framework;
			path = MailCore.framework;
			remoteRef = 736094581896746100E664B4 /* PBXContainerItemProxy */;
			sourceTree = BUILT_PRODUCTS_DIR;
		};
/* End PBXReferenceProxy section */

/* Begin PBXResourcesBuildPhase section */
		7360940F1896744D00E664B4 /* Resources */ = {
			isa = PBXResourcesBuildPhase;
			buildActionMask = 2147483647;
			files = (
				73AD529418A8EF1B00C3F1DB /* attachment.png in Resources */,
				63D7CCBD18A97B73002B7A90 /* openedmail_32.png in Resources */,
				7360941F1896744D00E664B4 /* InfoPlist.strings in Resources */,
				73AD529D18A8F8B900C3F1DB /* forward.png in Resources */,
				73AD529B18A8F46700C3F1DB /* reply.png in Resources */,
				63D7CCB618A97A9A002B7A90 /* openedmail_128.png in Resources */,
				6367D03018AD4A9700B60DF4 /* NewMessage.xib in Resources */,
				7360942D1896744D00E664B4 /* Images.xcassets in Resources */,
				63D7CCBC18A97B73002B7A90 /* openedmail_16.png in Resources */,
				6367D03218AD4A9700B60DF4 /* Settings.xib in Resources */,
				63D7CCB818A97A9A002B7A90 /* openedmail_512.png in Resources */,
				63D7CCB718A97A9A002B7A90 /* openedmail_256.png in Resources */,
				73AD529518A8EF1B00C3F1DB /* bullet.png in Resources */,
				6367D02E18AD4A9700B60DF4 /* MessageDetail.xib in Resources */,
				736094251896744D00E664B4 /* Credits.rtf in Resources */,
				7360942B1896744D00E664B4 /* MainMenu.xib in Resources */,
				6367D01D18AD479700B60DF4 /* search.png in Resources */,
				63D7CCB518A97A9A002B7A90 /* openedmail_64.png in Resources */,
				63D7CCB918A97A9A002B7A90 /* openedmail_1024.png in Resources */,
				63D7CCC118A98091002B7A90 /* closedmail_64_black.png in Resources */,
			);
			runOnlyForDeploymentPostprocessing = 0;
		};
		736094301896744D00E664B4 /* Resources */ = {
			isa = PBXResourcesBuildPhase;
			buildActionMask = 2147483647;
			files = (
				7360943D1896744D00E664B4 /* InfoPlist.strings in Resources */,
			);
			runOnlyForDeploymentPostprocessing = 0;
		};
/* End PBXResourcesBuildPhase section */

/* Begin PBXSourcesBuildPhase section */
		7360940D1896744D00E664B4 /* Sources */ = {
			isa = PBXSourcesBuildPhase;
			buildActionMask = 2147483647;
			files = (
				6367D01718AD457E00B60DF4 /* SearchFieldCell.m in Sources */,
				736094281896744D00E664B4 /* AppDelegate.m in Sources */,
				6367D02F18AD4A9700B60DF4 /* NewMessage.m in Sources */,
				6367D02D18AD4A9700B60DF4 /* MessageDetail.m in Sources */,
				6367D03718AD4AC400B60DF4 /* AccountCellView.m in Sources */,
				6367D03818AD4AC400B60DF4 /* MessageCellView.m in Sources */,
				6367D03118AD4A9700B60DF4 /* Settings.m in Sources */,
				7361F1FA189A4DC700E90F33 /* TableView.m in Sources */,
				6367D02318AD4A4B00B60DF4 /* Message.m in Sources */,
				731FE27B18A3747E00715E68 /* ConnectionManager.m in Sources */,
				6367D01618AD457E00B60DF4 /* SearchField.m in Sources */,
				6367D02218AD4A4B00B60DF4 /* Account.m in Sources */,
				736094211896744D00E664B4 /* main.m in Sources */,
			);
			runOnlyForDeploymentPostprocessing = 0;
		};
		7360942E1896744D00E664B4 /* Sources */ = {
			isa = PBXSourcesBuildPhase;
			buildActionMask = 2147483647;
			files = (
				7360943F1896744D00E664B4 /* MailTests.m in Sources */,
			);
			runOnlyForDeploymentPostprocessing = 0;
		};
/* End PBXSourcesBuildPhase section */

/* Begin PBXTargetDependency section */
		736094371896744D00E664B4 /* PBXTargetDependency */ = {
			isa = PBXTargetDependency;
			target = 736094101896744D00E664B4 /* Mail */;
			targetProxy = 736094361896744D00E664B4 /* PBXContainerItemProxy */;
		};
		7360945E189674AE00E664B4 /* PBXTargetDependency */ = {
			isa = PBXTargetDependency;
			name = "mailcore osx";
			targetProxy = 7360945D189674AE00E664B4 /* PBXContainerItemProxy */;
		};
/* End PBXTargetDependency section */

/* Begin PBXVariantGroup section */
		7360941D1896744D00E664B4 /* InfoPlist.strings */ = {
			isa = PBXVariantGroup;
			children = (
				7360941E1896744D00E664B4 /* en */,
			);
			name = InfoPlist.strings;
			sourceTree = "<group>";
		};
		736094231896744D00E664B4 /* Credits.rtf */ = {
			isa = PBXVariantGroup;
			children = (
				736094241896744D00E664B4 /* en */,
			);
			name = Credits.rtf;
			sourceTree = "<group>";
		};
		736094291896744D00E664B4 /* MainMenu.xib */ = {
			isa = PBXVariantGroup;
			children = (
				7360942A1896744D00E664B4 /* Base */,
			);
			name = MainMenu.xib;
			sourceTree = "<group>";
		};
		7360943B1896744D00E664B4 /* InfoPlist.strings */ = {
			isa = PBXVariantGroup;
			children = (
				7360943C1896744D00E664B4 /* en */,
			);
			name = InfoPlist.strings;
			sourceTree = "<group>";
		};
/* End PBXVariantGroup section */

/* Begin XCBuildConfiguration section */
		736094401896744D00E664B4 /* Debug */ = {
			isa = XCBuildConfiguration;
			buildSettings = {
				ALWAYS_SEARCH_USER_PATHS = NO;
				CLANG_CXX_LANGUAGE_STANDARD = "gnu++0x";
				CLANG_CXX_LIBRARY = "libc++";
				CLANG_ENABLE_OBJC_ARC = YES;
				CLANG_WARN_BOOL_CONVERSION = YES;
				CLANG_WARN_CONSTANT_CONVERSION = YES;
				CLANG_WARN_DIRECT_OBJC_ISA_USAGE = YES_ERROR;
				CLANG_WARN_EMPTY_BODY = YES;
				CLANG_WARN_ENUM_CONVERSION = YES;
				CLANG_WARN_INT_CONVERSION = YES;
				CLANG_WARN_OBJC_ROOT_CLASS = YES_ERROR;
				CLANG_WARN__DUPLICATE_METHOD_MATCH = YES;
				COPY_PHASE_STRIP = NO;
				GCC_C_LANGUAGE_STANDARD = gnu99;
				GCC_DYNAMIC_NO_PIC = NO;
				GCC_ENABLE_OBJC_EXCEPTIONS = YES;
				GCC_OPTIMIZATION_LEVEL = 0;
				GCC_PREPROCESSOR_DEFINITIONS = (
					"DEBUG=1",
					"$(inherited)",
				);
				GCC_SYMBOLS_PRIVATE_EXTERN = NO;
				GCC_WARN_64_TO_32_BIT_CONVERSION = YES;
				GCC_WARN_ABOUT_RETURN_TYPE = YES_ERROR;
				GCC_WARN_UNDECLARED_SELECTOR = YES;
				GCC_WARN_UNINITIALIZED_AUTOS = YES;
				GCC_WARN_UNUSED_FUNCTION = YES;
				GCC_WARN_UNUSED_VARIABLE = YES;
				MACOSX_DEPLOYMENT_TARGET = 10.9;
				ONLY_ACTIVE_ARCH = YES;
				SDKROOT = macosx;
			};
			name = Debug;
		};
		736094411896744D00E664B4 /* Release */ = {
			isa = XCBuildConfiguration;
			buildSettings = {
				ALWAYS_SEARCH_USER_PATHS = NO;
				CLANG_CXX_LANGUAGE_STANDARD = "gnu++0x";
				CLANG_CXX_LIBRARY = "libc++";
				CLANG_ENABLE_OBJC_ARC = YES;
				CLANG_WARN_BOOL_CONVERSION = YES;
				CLANG_WARN_CONSTANT_CONVERSION = YES;
				CLANG_WARN_DIRECT_OBJC_ISA_USAGE = YES_ERROR;
				CLANG_WARN_EMPTY_BODY = YES;
				CLANG_WARN_ENUM_CONVERSION = YES;
				CLANG_WARN_INT_CONVERSION = YES;
				CLANG_WARN_OBJC_ROOT_CLASS = YES_ERROR;
				CLANG_WARN__DUPLICATE_METHOD_MATCH = YES;
				COPY_PHASE_STRIP = YES;
				DEBUG_INFORMATION_FORMAT = "dwarf-with-dsym";
				ENABLE_NS_ASSERTIONS = NO;
				GCC_C_LANGUAGE_STANDARD = gnu99;
				GCC_ENABLE_OBJC_EXCEPTIONS = YES;
				GCC_WARN_64_TO_32_BIT_CONVERSION = YES;
				GCC_WARN_ABOUT_RETURN_TYPE = YES_ERROR;
				GCC_WARN_UNDECLARED_SELECTOR = YES;
				GCC_WARN_UNINITIALIZED_AUTOS = YES;
				GCC_WARN_UNUSED_FUNCTION = YES;
				GCC_WARN_UNUSED_VARIABLE = YES;
				MACOSX_DEPLOYMENT_TARGET = 10.9;
				SDKROOT = macosx;
			};
			name = Release;
		};
		736094431896744D00E664B4 /* Debug */ = {
			isa = XCBuildConfiguration;
			buildSettings = {
				ASSETCATALOG_COMPILER_APPICON_NAME = OpenedIcon;
				COMBINE_HIDPI_IMAGES = YES;
				GCC_PRECOMPILE_PREFIX_HEADER = YES;
				GCC_PREFIX_HEADER = "Mail/Mail-Prefix.pch";
				INFOPLIST_FILE = "Mail/Mail-Info.plist";
				PRODUCT_NAME = "$(TARGET_NAME)";
				WRAPPER_EXTENSION = app;
			};
			name = Debug;
		};
		736094441896744D00E664B4 /* Release */ = {
			isa = XCBuildConfiguration;
			buildSettings = {
				ASSETCATALOG_COMPILER_APPICON_NAME = OpenedIcon;
				COMBINE_HIDPI_IMAGES = YES;
				GCC_PRECOMPILE_PREFIX_HEADER = YES;
				GCC_PREFIX_HEADER = "Mail/Mail-Prefix.pch";
				INFOPLIST_FILE = "Mail/Mail-Info.plist";
				PRODUCT_NAME = "$(TARGET_NAME)";
				WRAPPER_EXTENSION = app;
			};
			name = Release;
		};
		736094461896744D00E664B4 /* Debug */ = {
			isa = XCBuildConfiguration;
			buildSettings = {
				BUNDLE_LOADER = "$(BUILT_PRODUCTS_DIR)/Mail.app/Contents/MacOS/Mail";
				COMBINE_HIDPI_IMAGES = YES;
				FRAMEWORK_SEARCH_PATHS = (
					"$(DEVELOPER_FRAMEWORKS_DIR)",
					"$(inherited)",
				);
				GCC_PRECOMPILE_PREFIX_HEADER = YES;
				GCC_PREFIX_HEADER = "Mail/Mail-Prefix.pch";
				GCC_PREPROCESSOR_DEFINITIONS = (
					"DEBUG=1",
					"$(inherited)",
				);
				INFOPLIST_FILE = "MailTests/MailTests-Info.plist";
				PRODUCT_NAME = "$(TARGET_NAME)";
				TEST_HOST = "$(BUNDLE_LOADER)";
				WRAPPER_EXTENSION = xctest;
			};
			name = Debug;
		};
		736094471896744D00E664B4 /* Release */ = {
			isa = XCBuildConfiguration;
			buildSettings = {
				BUNDLE_LOADER = "$(BUILT_PRODUCTS_DIR)/Mail.app/Contents/MacOS/Mail";
				COMBINE_HIDPI_IMAGES = YES;
				FRAMEWORK_SEARCH_PATHS = (
					"$(DEVELOPER_FRAMEWORKS_DIR)",
					"$(inherited)",
				);
				GCC_PRECOMPILE_PREFIX_HEADER = YES;
				GCC_PREFIX_HEADER = "Mail/Mail-Prefix.pch";
				INFOPLIST_FILE = "MailTests/MailTests-Info.plist";
				PRODUCT_NAME = "$(TARGET_NAME)";
				TEST_HOST = "$(BUNDLE_LOADER)";
				WRAPPER_EXTENSION = xctest;
			};
			name = Release;
		};
/* End XCBuildConfiguration section */

/* Begin XCConfigurationList section */
		7360940C1896744D00E664B4 /* Build configuration list for PBXProject "Mail" */ = {
			isa = XCConfigurationList;
			buildConfigurations = (
				736094401896744D00E664B4 /* Debug */,
				736094411896744D00E664B4 /* Release */,
			);
			defaultConfigurationIsVisible = 0;
			defaultConfigurationName = Release;
		};
		736094421896744D00E664B4 /* Build configuration list for PBXNativeTarget "Mail" */ = {
			isa = XCConfigurationList;
			buildConfigurations = (
				736094431896744D00E664B4 /* Debug */,
				736094441896744D00E664B4 /* Release */,
			);
			defaultConfigurationIsVisible = 0;
			defaultConfigurationName = Release;
		};
		736094451896744D00E664B4 /* Build configuration list for PBXNativeTarget "MailTests" */ = {
			isa = XCConfigurationList;
			buildConfigurations = (
				736094461896744D00E664B4 /* Debug */,
				736094471896744D00E664B4 /* Release */,
			);
			defaultConfigurationIsVisible = 0;
			defaultConfigurationName = Release;
		};
/* End XCConfigurationList section */
	};
	rootObject = 736094091896744D00E664B4 /* Project object */;
}
